// !$*UTF8*$!
{
	archiveVersion = 1;
	classes = {
	};
	objectVersion = 50;
	objects = {

/* Begin PBXBuildFile section */
		8928F076208764320020DAAF /* AppDelegate.swift in Sources */ = {isa = PBXBuildFile; fileRef = 8928F075208764320020DAAF /* AppDelegate.swift */; };
		8928F078208764320020DAAF /* ViewController.swift in Sources */ = {isa = PBXBuildFile; fileRef = 8928F077208764320020DAAF /* ViewController.swift */; };
		8928F07B208764320020DAAF /* Main.storyboard in Resources */ = {isa = PBXBuildFile; fileRef = 8928F079208764320020DAAF /* Main.storyboard */; };
		8928F07D208764390020DAAF /* Assets.xcassets in Resources */ = {isa = PBXBuildFile; fileRef = 8928F07C208764390020DAAF /* Assets.xcassets */; };
		8928F080208764390020DAAF /* LaunchScreen.storyboard in Resources */ = {isa = PBXBuildFile; fileRef = 8928F07E208764390020DAAF /* LaunchScreen.storyboard */; };
		8928F08B208764390020DAAF /* ch04Tests.swift in Sources */ = {isa = PBXBuildFile; fileRef = 8928F08A208764390020DAAF /* ch04Tests.swift */; };
		8928F096208764390020DAAF /* ch04UITests.swift in Sources */ = {isa = PBXBuildFile; fileRef = 8928F095208764390020DAAF /* ch04UITests.swift */; };
/* End PBXBuildFile section */

/* Begin PBXContainerItemProxy section */
		8928F087208764390020DAAF /* PBXContainerItemProxy */ = {
			isa = PBXContainerItemProxy;
			containerPortal = 8928F06A208764320020DAAF /* Project object */;
			proxyType = 1;
			remoteGlobalIDString = 8928F071208764320020DAAF;
			remoteInfo = ch04;
		};
		8928F092208764390020DAAF /* PBXContainerItemProxy */ = {
			isa = PBXContainerItemProxy;
			containerPortal = 8928F06A208764320020DAAF /* Project object */;
			proxyType = 1;
			remoteGlobalIDString = 8928F071208764320020DAAF;
			remoteInfo = ch04;
		};
/* End PBXContainerItemProxy section */

/* Begin PBXFileReference section */
		8928F072208764320020DAAF /* ch04.app */ = {isa = PBXFileReference; explicitFileType = wrapper.application; includeInIndex = 0; path = ch04.app; sourceTree = BUILT_PRODUCTS_DIR; };
		8928F075208764320020DAAF /* AppDelegate.swift */ = {isa = PBXFileReference; lastKnownFileType = sourcecode.swift; path = AppDelegate.swift; sourceTree = "<group>"; };
		8928F077208764320020DAAF /* ViewController.swift */ = {isa = PBXFileReference; lastKnownFileType = sourcecode.swift; path = ViewController.swift; sourceTree = "<group>"; };
		8928F07A208764320020DAAF /* Base */ = {isa = PBXFileReference; lastKnownFileType = file.storyboard; name = Base; path = Base.lproj/Main.storyboard; sourceTree = "<group>"; };
		8928F07C208764390020DAAF /* Assets.xcassets */ = {isa = PBXFileReference; lastKnownFileType = folder.assetcatalog; path = Assets.xcassets; sourceTree = "<group>"; };
		8928F07F208764390020DAAF /* Base */ = {isa = PBXFileReference; lastKnownFileType = file.storyboard; name = Base; path = Base.lproj/LaunchScreen.storyboard; sourceTree = "<group>"; };
		8928F081208764390020DAAF /* Info.plist */ = {isa = PBXFileReference; lastKnownFileType = text.plist.xml; path = Info.plist; sourceTree = "<group>"; };
		8928F086208764390020DAAF /* ch04Tests.xctest */ = {isa = PBXFileReference; explicitFileType = wrapper.cfbundle; includeInIndex = 0; path = ch04Tests.xctest; sourceTree = BUILT_PRODUCTS_DIR; };
		8928F08A208764390020DAAF /* ch04Tests.swift */ = {isa = PBXFileReference; lastKnownFileType = sourcecode.swift; path = ch04Tests.swift; sourceTree = "<group>"; };
		8928F08C208764390020DAAF /* Info.plist */ = {isa = PBXFileReference; lastKnownFileType = text.plist.xml; path = Info.plist; sourceTree = "<group>"; };
		8928F091208764390020DAAF /* ch04UITests.xctest */ = {isa = PBXFileReference; explicitFileType = wrapper.cfbundle; includeInIndex = 0; path = ch04UITests.xctest; sourceTree = BUILT_PRODUCTS_DIR; };
		8928F095208764390020DAAF /* ch04UITests.swift */ = {isa = PBXFileReference; lastKnownFileType = sourcecode.swift; path = ch04UITests.swift; sourceTree = "<group>"; };
		8928F097208764390020DAAF /* Info.plist */ = {isa = PBXFileReference; lastKnownFileType = text.plist.xml; path = Info.plist; sourceTree = "<group>"; };
/* End PBXFileReference section */

/* Begin PBXFrameworksBuildPhase section */
		8928F06F208764320020DAAF /* Frameworks */ = {
			isa = PBXFrameworksBuildPhase;
			buildActionMask = 2147483647;
			files = (
			);
			runOnlyForDeploymentPostprocessing = 0;
		};
		8928F083208764390020DAAF /* Frameworks */ = {
			isa = PBXFrameworksBuildPhase;
			buildActionMask = 2147483647;
			files = (
			);
			runOnlyForDeploymentPostprocessing = 0;
		};
		8928F08E208764390020DAAF /* Frameworks */ = {
			isa = PBXFrameworksBuildPhase;
			buildActionMask = 2147483647;
			files = (
			);
			runOnlyForDeploymentPostprocessing = 0;
		};
/* End PBXFrameworksBuildPhase section */

/* Begin PBXGroup section */
		8928F069208764320020DAAF = {
			isa = PBXGroup;
			children = (
				8928F074208764320020DAAF /* ch04 */,
				8928F089208764390020DAAF /* ch04Tests */,
				8928F094208764390020DAAF /* ch04UITests */,
				8928F073208764320020DAAF /* Products */,
			);
			sourceTree = "<group>";
		};
		8928F073208764320020DAAF /* Products */ = {
			isa = PBXGroup;
			children = (
				8928F072208764320020DAAF /* ch04.app */,
				8928F086208764390020DAAF /* ch04Tests.xctest */,
				8928F091208764390020DAAF /* ch04UITests.xctest */,
			);
			name = Products;
			sourceTree = "<group>";
		};
		8928F074208764320020DAAF /* ch04 */ = {
			isa = PBXGroup;
			children = (
				8928F075208764320020DAAF /* AppDelegate.swift */,
				8928F077208764320020DAAF /* ViewController.swift */,
				8928F079208764320020DAAF /* Main.storyboard */,
				8928F07C208764390020DAAF /* Assets.xcassets */,
				8928F07E208764390020DAAF /* LaunchScreen.storyboard */,
				8928F081208764390020DAAF /* Info.plist */,
			);
			path = ch04;
			sourceTree = "<group>";
		};
		8928F089208764390020DAAF /* ch04Tests */ = {
			isa = PBXGroup;
			children = (
				8928F08A208764390020DAAF /* ch04Tests.swift */,
				8928F08C208764390020DAAF /* Info.plist */,
			);
			path = ch04Tests;
			sourceTree = "<group>";
		};
		8928F094208764390020DAAF /* ch04UITests */ = {
			isa = PBXGroup;
			children = (
				8928F095208764390020DAAF /* ch04UITests.swift */,
				8928F097208764390020DAAF /* Info.plist */,
			);
			path = ch04UITests;
			sourceTree = "<group>";
		};
/* End PBXGroup section */

/* Begin PBXNativeTarget section */
		8928F071208764320020DAAF /* ch04 */ = {
			isa = PBXNativeTarget;
			buildConfigurationList = 8928F09A208764390020DAAF /* Build configuration list for PBXNativeTarget "ch04" */;
			buildPhases = (
				8928F06E208764320020DAAF /* Sources */,
				8928F06F208764320020DAAF /* Frameworks */,
				8928F070208764320020DAAF /* Resources */,
			);
			buildRules = (
			);
			dependencies = (
			);
			name = ch04;
			productName = ch04;
			productReference = 8928F072208764320020DAAF /* ch04.app */;
			productType = "com.apple.product-type.application";
		};
		8928F085208764390020DAAF /* ch04Tests */ = {
			isa = PBXNativeTarget;
			buildConfigurationList = 8928F09D208764390020DAAF /* Build configuration list for PBXNativeTarget "ch04Tests" */;
			buildPhases = (
				8928F082208764390020DAAF /* Sources */,
				8928F083208764390020DAAF /* Frameworks */,
				8928F084208764390020DAAF /* Resources */,
			);
			buildRules = (
			);
			dependencies = (
				8928F088208764390020DAAF /* PBXTargetDependency */,
			);
			name = ch04Tests;
			productName = ch04Tests;
			productReference = 8928F086208764390020DAAF /* ch04Tests.xctest */;
			productType = "com.apple.product-type.bundle.unit-test";
		};
		8928F090208764390020DAAF /* ch04UITests */ = {
			isa = PBXNativeTarget;
			buildConfigurationList = 8928F0A0208764390020DAAF /* Build configuration list for PBXNativeTarget "ch04UITests" */;
			buildPhases = (
				8928F08D208764390020DAAF /* Sources */,
				8928F08E208764390020DAAF /* Frameworks */,
				8928F08F208764390020DAAF /* Resources */,
			);
			buildRules = (
			);
			dependencies = (
				8928F093208764390020DAAF /* PBXTargetDependency */,
			);
			name = ch04UITests;
			productName = ch04UITests;
			productReference = 8928F091208764390020DAAF /* ch04UITests.xctest */;
			productType = "com.apple.product-type.bundle.ui-testing";
		};
/* End PBXNativeTarget section */

/* Begin PBXProject section */
		8928F06A208764320020DAAF /* Project object */ = {
			isa = PBXProject;
			attributes = {
				LastSwiftUpdateCheck = 0930;
				LastUpgradeCheck = 0930;
				ORGANIZATIONNAME = ipp13;
				TargetAttributes = {
					8928F071208764320020DAAF = {
						CreatedOnToolsVersion = 9.3;
					};
					8928F085208764390020DAAF = {
						CreatedOnToolsVersion = 9.3;
						TestTargetID = 8928F071208764320020DAAF;
					};
					8928F090208764390020DAAF = {
						CreatedOnToolsVersion = 9.3;
						TestTargetID = 8928F071208764320020DAAF;
					};
				};
			};
			buildConfigurationList = 8928F06D208764320020DAAF /* Build configuration list for PBXProject "ch04" */;
			compatibilityVersion = "Xcode 9.3";
			developmentRegion = en;
			hasScannedForEncodings = 0;
			knownRegions = (
				en,
				Base,
			);
			mainGroup = 8928F069208764320020DAAF;
			productRefGroup = 8928F073208764320020DAAF /* Products */;
			projectDirPath = "";
			projectRoot = "";
			targets = (
				8928F071208764320020DAAF /* ch04 */,
				8928F085208764390020DAAF /* ch04Tests */,
				8928F090208764390020DAAF /* ch04UITests */,
			);
		};
/* End PBXProject section */

/* Begin PBXResourcesBuildPhase section */
		8928F070208764320020DAAF /* Resources */ = {
			isa = PBXResourcesBuildPhase;
			buildActionMask = 2147483647;
			files = (
				8928F080208764390020DAAF /* LaunchScreen.storyboard in Resources */,
				8928F07D208764390020DAAF /* Assets.xcassets in Resources */,
				8928F07B208764320020DAAF /* Main.storyboard in Resources */,
			);
			runOnlyForDeploymentPostprocessing = 0;
		};
		8928F084208764390020DAAF /* Resources */ = {
			isa = PBXResourcesBuildPhase;
			buildActionMask = 2147483647;
			files = (
			);
			runOnlyForDeploymentPostprocessing = 0;
		};
		8928F08F208764390020DAAF /* Resources */ = {
			isa = PBXResourcesBuildPhase;
			buildActionMask = 2147483647;
			files = (
			);
			runOnlyForDeploymentPostprocessing = 0;
		};
/* End PBXResourcesBuildPhase section */

/* Begin PBXSourcesBuildPhase section */
		8928F06E208764320020DAAF /* Sources */ = {
			isa = PBXSourcesBuildPhase;
			buildActionMask = 2147483647;
			files = (
				8928F078208764320020DAAF /* ViewController.swift in Sources */,
				8928F076208764320020DAAF /* AppDelegate.swift in Sources */,
			);
			runOnlyForDeploymentPostprocessing = 0;
		};
		8928F082208764390020DAAF /* Sources */ = {
			isa = PBXSourcesBuildPhase;
			buildActionMask = 2147483647;
			files = (
				8928F08B208764390020DAAF /* ch04Tests.swift in Sources */,
			);
			runOnlyForDeploymentPostprocessing = 0;
		};
		8928F08D208764390020DAAF /* Sources */ = {
			isa = PBXSourcesBuildPhase;
			buildActionMask = 2147483647;
			files = (
				8928F096208764390020DAAF /* ch04UITests.swift in Sources */,
			);
			runOnlyForDeploymentPostprocessing = 0;
		};
/* End PBXSourcesBuildPhase section */

/* Begin PBXTargetDependency section */
		8928F088208764390020DAAF /* PBXTargetDependency */ = {
			isa = PBXTargetDependency;
			target = 8928F071208764320020DAAF /* ch04 */;
			targetProxy = 8928F087208764390020DAAF /* PBXContainerItemProxy */;
		};
		8928F093208764390020DAAF /* PBXTargetDependency */ = {
			isa = PBXTargetDependency;
			target = 8928F071208764320020DAAF /* ch04 */;
			targetProxy = 8928F092208764390020DAAF /* PBXContainerItemProxy */;
		};
/* End PBXTargetDependency section */

/* Begin PBXVariantGroup section */
		8928F079208764320020DAAF /* Main.storyboard */ = {
			isa = PBXVariantGroup;
			children = (
				8928F07A208764320020DAAF /* Base */,
			);
			name = Main.storyboard;
			sourceTree = "<group>";
		};
		8928F07E208764390020DAAF /* LaunchScreen.storyboard */ = {
			isa = PBXVariantGroup;
			children = (
				8928F07F208764390020DAAF /* Base */,
			);
			name = LaunchScreen.storyboard;
			sourceTree = "<group>";
		};
/* End PBXVariantGroup section */

/* Begin XCBuildConfiguration section */
		8928F098208764390020DAAF /* Debug */ = {
			isa = XCBuildConfiguration;
			buildSettings = {
				ALWAYS_SEARCH_USER_PATHS = NO;
				CLANG_ANALYZER_NONNULL = YES;
				CLANG_ANALYZER_NUMBER_OBJECT_CONVERSION = YES_AGGRESSIVE;
				CLANG_CXX_LANGUAGE_STANDARD = "gnu++14";
				CLANG_CXX_LIBRARY = "libc++";
				CLANG_ENABLE_MODULES = YES;
				CLANG_ENABLE_OBJC_ARC = YES;
				CLANG_ENABLE_OBJC_WEAK = YES;
				CLANG_WARN_BLOCK_CAPTURE_AUTORELEASING = YES;
				CLANG_WARN_BOOL_CONVERSION = YES;
				CLANG_WARN_COMMA = YES;
				CLANG_WARN_CONSTANT_CONVERSION = YES;
				CLANG_WARN_DEPRECATED_OBJC_IMPLEMENTATIONS = YES;
				CLANG_WARN_DIRECT_OBJC_ISA_USAGE = YES_ERROR;
				CLANG_WARN_DOCUMENTATION_COMMENTS = YES;
				CLANG_WARN_EMPTY_BODY = YES;
				CLANG_WARN_ENUM_CONVERSION = YES;
				CLANG_WARN_INFINITE_RECURSION = YES;
				CLANG_WARN_INT_CONVERSION = YES;
				CLANG_WARN_NON_LITERAL_NULL_CONVERSION = YES;
				CLANG_WARN_OBJC_IMPLICIT_RETAIN_SELF = YES;
				CLANG_WARN_OBJC_LITERAL_CONVERSION = YES;
				CLANG_WARN_OBJC_ROOT_CLASS = YES_ERROR;
				CLANG_WARN_RANGE_LOOP_ANALYSIS = YES;
				CLANG_WARN_STRICT_PROTOTYPES = YES;
				CLANG_WARN_SUSPICIOUS_MOVE = YES;
				CLANG_WARN_UNGUARDED_AVAILABILITY = YES_AGGRESSIVE;
				CLANG_WARN_UNREACHABLE_CODE = YES;
				CLANG_WARN__DUPLICATE_METHOD_MATCH = YES;
				CODE_SIGN_IDENTITY = "iPhone Developer";
				COPY_PHASE_STRIP = NO;
				DEBUG_INFORMATION_FORMAT = dwarf;
				ENABLE_STRICT_OBJC_MSGSEND = YES;
				ENABLE_TESTABILITY = YES;
				GCC_C_LANGUAGE_STANDARD = gnu11;
				GCC_DYNAMIC_NO_PIC = NO;
				GCC_NO_COMMON_BLOCKS = YES;
				GCC_OPTIMIZATION_LEVEL = 0;
				GCC_PREPROCESSOR_DEFINITIONS = (
					"DEBUG=1",
					"$(inherited)",
				);
				GCC_WARN_64_TO_32_BIT_CONVERSION = YES;
				GCC_WARN_ABOUT_RETURN_TYPE = YES_ERROR;
				GCC_WARN_UNDECLARED_SELECTOR = YES;
				GCC_WARN_UNINITIALIZED_AUTOS = YES_AGGRESSIVE;
				GCC_WARN_UNUSED_FUNCTION = YES;
				GCC_WARN_UNUSED_VARIABLE = YES;
				IPHONEOS_DEPLOYMENT_TARGET = 11.3;
				MTL_ENABLE_DEBUG_INFO = YES;
				ONLY_ACTIVE_ARCH = YES;
				SDKROOT = iphoneos;
				SWIFT_ACTIVE_COMPILATION_CONDITIONS = DEBUG;
				SWIFT_OPTIMIZATION_LEVEL = "-Onone";
			};
			name = Debug;
		};
		8928F099208764390020DAAF /* Release */ = {
			isa = XCBuildConfiguration;
			buildSettings = {
				ALWAYS_SEARCH_USER_PATHS = NO;
				CLANG_ANALYZER_NONNULL = YES;
				CLANG_ANALYZER_NUMBER_OBJECT_CONVERSION = YES_AGGRESSIVE;
				CLANG_CXX_LANGUAGE_STANDARD = "gnu++14";
				CLANG_CXX_LIBRARY = "libc++";
				CLANG_ENABLE_MODULES = YES;
				CLANG_ENABLE_OBJC_ARC = YES;
				CLANG_ENABLE_OBJC_WEAK = YES;
				CLANG_WARN_BLOCK_CAPTURE_AUTORELEASING = YES;
				CLANG_WARN_BOOL_CONVERSION = YES;
				CLANG_WARN_COMMA = YES;
				CLANG_WARN_CONSTANT_CONVERSION = YES;
				CLANG_WARN_DEPRECATED_OBJC_IMPLEMENTATIONS = YES;
				CLANG_WARN_DIRECT_OBJC_ISA_USAGE = YES_ERROR;
				CLANG_WARN_DOCUMENTATION_COMMENTS = YES;
				CLANG_WARN_EMPTY_BODY = YES;
				CLANG_WARN_ENUM_CONVERSION = YES;
				CLANG_WARN_INFINITE_RECURSION = YES;
				CLANG_WARN_INT_CONVERSION = YES;
				CLANG_WARN_NON_LITERAL_NULL_CONVERSION = YES;
				CLANG_WARN_OBJC_IMPLICIT_RETAIN_SELF = YES;
				CLANG_WARN_OBJC_LITERAL_CONVERSION = YES;
				CLANG_WARN_OBJC_ROOT_CLASS = YES_ERROR;
				CLANG_WARN_RANGE_LOOP_ANALYSIS = YES;
				CLANG_WARN_STRICT_PROTOTYPES = YES;
				CLANG_WARN_SUSPICIOUS_MOVE = YES;
				CLANG_WARN_UNGUARDED_AVAILABILITY = YES_AGGRESSIVE;
				CLANG_WARN_UNREACHABLE_CODE = YES;
				CLANG_WARN__DUPLICATE_METHOD_MATCH = YES;
				CODE_SIGN_IDENTITY = "iPhone Developer";
				COPY_PHASE_STRIP = NO;
				DEBUG_INFORMATION_FORMAT = "dwarf-with-dsym";
				ENABLE_NS_ASSERTIONS = NO;
				ENABLE_STRICT_OBJC_MSGSEND = YES;
				GCC_C_LANGUAGE_STANDARD = gnu11;
				GCC_NO_COMMON_BLOCKS = YES;
				GCC_WARN_64_TO_32_BIT_CONVERSION = YES;
				GCC_WARN_ABOUT_RETURN_TYPE = YES_ERROR;
				GCC_WARN_UNDECLARED_SELECTOR = YES;
				GCC_WARN_UNINITIALIZED_AUTOS = YES_AGGRESSIVE;
				GCC_WARN_UNUSED_FUNCTION = YES;
				GCC_WARN_UNUSED_VARIABLE = YES;
				IPHONEOS_DEPLOYMENT_TARGET = 11.3;
				MTL_ENABLE_DEBUG_INFO = NO;
				SDKROOT = iphoneos;
				SWIFT_COMPILATION_MODE = wholemodule;
				SWIFT_OPTIMIZATION_LEVEL = "-O";
				VALIDATE_PRODUCT = YES;
			};
			name = Release;
		};
		8928F09B208764390020DAAF /* Debug */ = {
			isa = XCBuildConfiguration;
			buildSettings = {
				ASSETCATALOG_COMPILER_APPICON_NAME = AppIcon;
				CODE_SIGN_STYLE = Automatic;
				INFOPLIST_FILE = ch04/Info.plist;
				LD_RUNPATH_SEARCH_PATHS = (
					"$(inherited)",
					"@executable_path/Frameworks",
				);
				PRODUCT_BUNDLE_IDENTIFIER = ipp3.ch04;
				PRODUCT_NAME = "$(TARGET_NAME)";
				SWIFT_VERSION = 4.0;
				TARGETED_DEVICE_FAMILY = "1,2";
			};
			name = Debug;
		};
		8928F09C208764390020DAAF /* Release */ = {
			isa = XCBuildConfiguration;
			buildSettings = {
				ASSETCATALOG_COMPILER_APPICON_NAME = AppIcon;
				CODE_SIGN_STYLE = Automatic;
				INFOPLIST_FILE = ch04/Info.plist;
				LD_RUNPATH_SEARCH_PATHS = (
					"$(inherited)",
					"@executable_path/Frameworks",
				);
				PRODUCT_BUNDLE_IDENTIFIER = ipp3.ch04;
				PRODUCT_NAME = "$(TARGET_NAME)";
				SWIFT_VERSION = 4.0;
				TARGETED_DEVICE_FAMILY = "1,2";
			};
			name = Release;
		};
		8928F09E208764390020DAAF /* Debug */ = {
			isa = XCBuildConfiguration;
			buildSettings = {
				ALWAYS_EMBED_SWIFT_STANDARD_LIBRARIES = YES;
				BUNDLE_LOADER = "$(TEST_HOST)";
				CODE_SIGN_STYLE = Automatic;
				INFOPLIST_FILE = ch04Tests/Info.plist;
				LD_RUNPATH_SEARCH_PATHS = (
					"$(inherited)",
					"@executable_path/Frameworks",
					"@loader_path/Frameworks",
				);
				PRODUCT_BUNDLE_IDENTIFIER = ipp3.ch04Tests;
				PRODUCT_NAME = "$(TARGET_NAME)";
				SWIFT_VERSION = 4.0;
				TARGETED_DEVICE_FAMILY = "1,2";
				TEST_HOST = "$(BUILT_PRODUCTS_DIR)/ch04.app/ch04";
			};
			name = Debug;
		};
		8928F09F208764390020DAAF /* Release */ = {
			isa = XCBuildConfiguration;
			buildSettings = {
				ALWAYS_EMBED_SWIFT_STANDARD_LIBRARIES = YES;
				BUNDLE_LOADER = "$(TEST_HOST)";
				CODE_SIGN_STYLE = Automatic;
				INFOPLIST_FILE = ch04Tests/Info.plist;
				LD_RUNPATH_SEARCH_PATHS = (
					"$(inherited)",
					"@executable_path/Frameworks",
					"@loader_path/Frameworks",
				);
				PRODUCT_BUNDLE_IDENTIFIER = ipp3.ch04Tests;
				PRODUCT_NAME = "$(TARGET_NAME)";
				SWIFT_VERSION = 4.0;
				TARGETED_DEVICE_FAMILY = "1,2";
				TEST_HOST = "$(BUILT_PRODUCTS_DIR)/ch04.app/ch04";
			};
			name = Release;
		};
		8928F0A1208764390020DAAF /* Debug */ = {
			isa = XCBuildConfiguration;
			buildSettings = {
				ALWAYS_EMBED_SWIFT_STANDARD_LIBRARIES = YES;
				CODE_SIGN_STYLE = Automatic;
				INFOPLIST_FILE = ch04UITests/Info.plist;
				LD_RUNPATH_SEARCH_PATHS = (
					"$(inherited)",
					"@executable_path/Frameworks",
					"@loader_path/Frameworks",
				);
				PRODUCT_BUNDLE_IDENTIFIER = ipp3.ch04UITests;
				PRODUCT_NAME = "$(TARGET_NAME)";
				SWIFT_VERSION = 4.0;
				TARGETED_DEVICE_FAMILY = "1,2";
				TEST_TARGET_NAME = ch04;
			};
			name = Debug;
		};
		8928F0A2208764390020DAAF /* Release */ = {
			isa = XCBuildConfiguration;
			buildSettings = {
				ALWAYS_EMBED_SWIFT_STANDARD_LIBRARIES = YES;
				CODE_SIGN_STYLE = Automatic;
				INFOPLIST_FILE = ch04UITests/Info.plist;
				LD_RUNPATH_SEARCH_PATHS = (
					"$(inherited)",
					"@executable_path/Frameworks",
					"@loader_path/Frameworks",
				);
				PRODUCT_BUNDLE_IDENTIFIER = ipp3.ch04UITests;
				PRODUCT_NAME = "$(TARGET_NAME)";
				SWIFT_VERSION = 4.0;
				TARGETED_DEVICE_FAMILY = "1,2";
				TEST_TARGET_NAME = ch04;
			};
			name = Release;
		};
/* End XCBuildConfiguration section */

/* Begin XCConfigurationList section */
		8928F06D208764320020DAAF /* Build configuration list for PBXProject "ch04" */ = {
			isa = XCConfigurationList;
			buildConfigurations = (
				8928F098208764390020DAAF /* Debug */,
				8928F099208764390020DAAF /* Release */,
			);
			defaultConfigurationIsVisible = 0;
			defaultConfigurationName = Release;
		};
		8928F09A208764390020DAAF /* Build configuration list for PBXNativeTarget "ch04" */ = {
			isa = XCConfigurationList;
			buildConfigurations = (
				8928F09B208764390020DAAF /* Debug */,
				8928F09C208764390020DAAF /* Release */,
			);
			defaultConfigurationIsVisible = 0;
			defaultConfigurationName = Release;
		};
		8928F09D208764390020DAAF /* Build configuration list for PBXNativeTarget "ch04Tests" */ = {
			isa = XCConfigurationList;
			buildConfigurations = (
				8928F09E208764390020DAAF /* Debug */,
				8928F09F208764390020DAAF /* Release */,
			);
			defaultConfigurationIsVisible = 0;
			defaultConfigurationName = Release;
		};
		8928F0A0208764390020DAAF /* Build configuration list for PBXNativeTarget "ch04UITests" */ = {
			isa = XCConfigurationList;
			buildConfigurations = (
				8928F0A1208764390020DAAF /* Debug */,
				8928F0A2208764390020DAAF /* Release */,
			);
			defaultConfigurationIsVisible = 0;
			defaultConfigurationName = Release;
		};
/* End XCConfigurationList section */
	};
	rootObject = 8928F06A208764320020DAAF /* Project object */;
}
