// !$*UTF8*$!
{
	archiveVersion = 1;
	classes = {
	};
	objectVersion = 50;
	objects = {

/* Begin PBXBuildFile section */
		8994207F208EEC7A004245E9 /* AppDelegate.swift in Sources */ = {isa = PBXBuildFile; fileRef = 8994207E208EEC7A004245E9 /* AppDelegate.swift */; };
		89942081208EEC7A004245E9 /* ViewController.swift in Sources */ = {isa = PBXBuildFile; fileRef = 89942080208EEC7A004245E9 /* ViewController.swift */; };
		89942084208EEC7A004245E9 /* Main.storyboard in Resources */ = {isa = PBXBuildFile; fileRef = 89942082208EEC7A004245E9 /* Main.storyboard */; };
		89942086208EEC7E004245E9 /* Assets.xcassets in Resources */ = {isa = PBXBuildFile; fileRef = 89942085208EEC7E004245E9 /* Assets.xcassets */; };
		89942089208EEC7E004245E9 /* LaunchScreen.storyboard in Resources */ = {isa = PBXBuildFile; fileRef = 89942087208EEC7E004245E9 /* LaunchScreen.storyboard */; };
		89942094208EEC7E004245E9 /* ch05_pickerviewTests.swift in Sources */ = {isa = PBXBuildFile; fileRef = 89942093208EEC7E004245E9 /* ch05_pickerviewTests.swift */; };
		8994209F208EEC7E004245E9 /* ch05_pickerviewUITests.swift in Sources */ = {isa = PBXBuildFile; fileRef = 8994209E208EEC7E004245E9 /* ch05_pickerviewUITests.swift */; };
		899420B7208EFBA9004245E9 /* 1.jpg in Resources */ = {isa = PBXBuildFile; fileRef = 899420AD208EFBA8004245E9 /* 1.jpg */; };
		899420B8208EFBA9004245E9 /* 5.jpg in Resources */ = {isa = PBXBuildFile; fileRef = 899420AE208EFBA8004245E9 /* 5.jpg */; };
		899420B9208EFBA9004245E9 /* 6.jpg in Resources */ = {isa = PBXBuildFile; fileRef = 899420AF208EFBA8004245E9 /* 6.jpg */; };
		899420BA208EFBA9004245E9 /* 8.jpg in Resources */ = {isa = PBXBuildFile; fileRef = 899420B0208EFBA8004245E9 /* 8.jpg */; };
		899420BB208EFBA9004245E9 /* 9.jpg in Resources */ = {isa = PBXBuildFile; fileRef = 899420B1208EFBA8004245E9 /* 9.jpg */; };
		899420BC208EFBA9004245E9 /* 4.jpg in Resources */ = {isa = PBXBuildFile; fileRef = 899420B2208EFBA8004245E9 /* 4.jpg */; };
		899420BD208EFBA9004245E9 /* 3.jpg in Resources */ = {isa = PBXBuildFile; fileRef = 899420B3208EFBA9004245E9 /* 3.jpg */; };
		899420BE208EFBA9004245E9 /* 7.jpg in Resources */ = {isa = PBXBuildFile; fileRef = 899420B4208EFBA9004245E9 /* 7.jpg */; };
		899420BF208EFBA9004245E9 /* 10.jpg in Resources */ = {isa = PBXBuildFile; fileRef = 899420B5208EFBA9004245E9 /* 10.jpg */; };
		899420C0208EFBA9004245E9 /* 2.jpg in Resources */ = {isa = PBXBuildFile; fileRef = 899420B6208EFBA9004245E9 /* 2.jpg */; };
/* End PBXBuildFile section */

/* Begin PBXContainerItemProxy section */
		89942090208EEC7E004245E9 /* PBXContainerItemProxy */ = {
			isa = PBXContainerItemProxy;
			containerPortal = 89942073208EEC7A004245E9 /* Project object */;
			proxyType = 1;
			remoteGlobalIDString = 8994207A208EEC7A004245E9;
			remoteInfo = ch05_pickerview;
		};
		8994209B208EEC7E004245E9 /* PBXContainerItemProxy */ = {
			isa = PBXContainerItemProxy;
			containerPortal = 89942073208EEC7A004245E9 /* Project object */;
			proxyType = 1;
			remoteGlobalIDString = 8994207A208EEC7A004245E9;
			remoteInfo = ch05_pickerview;
		};
/* End PBXContainerItemProxy section */

/* Begin PBXFileReference section */
		8994207B208EEC7A004245E9 /* ch05_pickerview.app */ = {isa = PBXFileReference; explicitFileType = wrapper.application; includeInIndex = 0; path = ch05_pickerview.app; sourceTree = BUILT_PRODUCTS_DIR; };
		8994207E208EEC7A004245E9 /* AppDelegate.swift */ = {isa = PBXFileReference; lastKnownFileType = sourcecode.swift; path = AppDelegate.swift; sourceTree = "<group>"; };
		89942080208EEC7A004245E9 /* ViewController.swift */ = {isa = PBXFileReference; lastKnownFileType = sourcecode.swift; path = ViewController.swift; sourceTree = "<group>"; };
		89942083208EEC7A004245E9 /* Base */ = {isa = PBXFileReference; lastKnownFileType = file.storyboard; name = Base; path = Base.lproj/Main.storyboard; sourceTree = "<group>"; };
		89942085208EEC7E004245E9 /* Assets.xcassets */ = {isa = PBXFileReference; lastKnownFileType = folder.assetcatalog; path = Assets.xcassets; sourceTree = "<group>"; };
		89942088208EEC7E004245E9 /* Base */ = {isa = PBXFileReference; lastKnownFileType = file.storyboard; name = Base; path = Base.lproj/LaunchScreen.storyboard; sourceTree = "<group>"; };
		8994208A208EEC7E004245E9 /* Info.plist */ = {isa = PBXFileReference; lastKnownFileType = text.plist.xml; path = Info.plist; sourceTree = "<group>"; };
		8994208F208EEC7E004245E9 /* ch05_pickerviewTests.xctest */ = {isa = PBXFileReference; explicitFileType = wrapper.cfbundle; includeInIndex = 0; path = ch05_pickerviewTests.xctest; sourceTree = BUILT_PRODUCTS_DIR; };
		89942093208EEC7E004245E9 /* ch05_pickerviewTests.swift */ = {isa = PBXFileReference; lastKnownFileType = sourcecode.swift; path = ch05_pickerviewTests.swift; sourceTree = "<group>"; };
		89942095208EEC7E004245E9 /* Info.plist */ = {isa = PBXFileReference; lastKnownFileType = text.plist.xml; path = Info.plist; sourceTree = "<group>"; };
		8994209A208EEC7E004245E9 /* ch05_pickerviewUITests.xctest */ = {isa = PBXFileReference; explicitFileType = wrapper.cfbundle; includeInIndex = 0; path = ch05_pickerviewUITests.xctest; sourceTree = BUILT_PRODUCTS_DIR; };
		8994209E208EEC7E004245E9 /* ch05_pickerviewUITests.swift */ = {isa = PBXFileReference; lastKnownFileType = sourcecode.swift; path = ch05_pickerviewUITests.swift; sourceTree = "<group>"; };
		899420A0208EEC7E004245E9 /* Info.plist */ = {isa = PBXFileReference; lastKnownFileType = text.plist.xml; path = Info.plist; sourceTree = "<group>"; };
		899420AD208EFBA8004245E9 /* 1.jpg */ = {isa = PBXFileReference; lastKnownFileType = image.jpeg; path = 1.jpg; sourceTree = "<group>"; };
		899420AE208EFBA8004245E9 /* 5.jpg */ = {isa = PBXFileReference; lastKnownFileType = image.jpeg; path = 5.jpg; sourceTree = "<group>"; };
		899420AF208EFBA8004245E9 /* 6.jpg */ = {isa = PBXFileReference; lastKnownFileType = image.jpeg; path = 6.jpg; sourceTree = "<group>"; };
		899420B0208EFBA8004245E9 /* 8.jpg */ = {isa = PBXFileReference; lastKnownFileType = image.jpeg; path = 8.jpg; sourceTree = "<group>"; };
		899420B1208EFBA8004245E9 /* 9.jpg */ = {isa = PBXFileReference; lastKnownFileType = image.jpeg; path = 9.jpg; sourceTree = "<group>"; };
		899420B2208EFBA8004245E9 /* 4.jpg */ = {isa = PBXFileReference; lastKnownFileType = image.jpeg; path = 4.jpg; sourceTree = "<group>"; };
		899420B3208EFBA9004245E9 /* 3.jpg */ = {isa = PBXFileReference; lastKnownFileType = image.jpeg; path = 3.jpg; sourceTree = "<group>"; };
		899420B4208EFBA9004245E9 /* 7.jpg */ = {isa = PBXFileReference; lastKnownFileType = image.jpeg; path = 7.jpg; sourceTree = "<group>"; };
		899420B5208EFBA9004245E9 /* 10.jpg */ = {isa = PBXFileReference; lastKnownFileType = image.jpeg; path = 10.jpg; sourceTree = "<group>"; };
		899420B6208EFBA9004245E9 /* 2.jpg */ = {isa = PBXFileReference; lastKnownFileType = image.jpeg; path = 2.jpg; sourceTree = "<group>"; };
/* End PBXFileReference section */

/* Begin PBXFrameworksBuildPhase section */
		89942078208EEC7A004245E9 /* Frameworks */ = {
			isa = PBXFrameworksBuildPhase;
			buildActionMask = 2147483647;
			files = (
			);
			runOnlyForDeploymentPostprocessing = 0;
		};
		8994208C208EEC7E004245E9 /* Frameworks */ = {
			isa = PBXFrameworksBuildPhase;
			buildActionMask = 2147483647;
			files = (
			);
			runOnlyForDeploymentPostprocessing = 0;
		};
		89942097208EEC7E004245E9 /* Frameworks */ = {
			isa = PBXFrameworksBuildPhase;
			buildActionMask = 2147483647;
			files = (
			);
			runOnlyForDeploymentPostprocessing = 0;
		};
/* End PBXFrameworksBuildPhase section */

/* Begin PBXGroup section */
		89942072208EEC7A004245E9 = {
			isa = PBXGroup;
			children = (
				8994207D208EEC7A004245E9 /* ch05_pickerview */,
				89942092208EEC7E004245E9 /* ch05_pickerviewTests */,
				8994209D208EEC7E004245E9 /* ch05_pickerviewUITests */,
				8994207C208EEC7A004245E9 /* Products */,
			);
			sourceTree = "<group>";
		};
		8994207C208EEC7A004245E9 /* Products */ = {
			isa = PBXGroup;
			children = (
				8994207B208EEC7A004245E9 /* ch05_pickerview.app */,
				8994208F208EEC7E004245E9 /* ch05_pickerviewTests.xctest */,
				8994209A208EEC7E004245E9 /* ch05_pickerviewUITests.xctest */,
			);
			name = Products;
			sourceTree = "<group>";
		};
		8994207D208EEC7A004245E9 /* ch05_pickerview */ = {
			isa = PBXGroup;
			children = (
				899420AC208EFB97004245E9 /* image */,
				8994207E208EEC7A004245E9 /* AppDelegate.swift */,
				89942080208EEC7A004245E9 /* ViewController.swift */,
				89942082208EEC7A004245E9 /* Main.storyboard */,
				89942085208EEC7E004245E9 /* Assets.xcassets */,
				89942087208EEC7E004245E9 /* LaunchScreen.storyboard */,
				8994208A208EEC7E004245E9 /* Info.plist */,
			);
			path = ch05_pickerview;
			sourceTree = "<group>";
		};
		89942092208EEC7E004245E9 /* ch05_pickerviewTests */ = {
			isa = PBXGroup;
			children = (
				89942093208EEC7E004245E9 /* ch05_pickerviewTests.swift */,
				89942095208EEC7E004245E9 /* Info.plist */,
			);
			path = ch05_pickerviewTests;
			sourceTree = "<group>";
		};
		8994209D208EEC7E004245E9 /* ch05_pickerviewUITests */ = {
			isa = PBXGroup;
			children = (
				8994209E208EEC7E004245E9 /* ch05_pickerviewUITests.swift */,
				899420A0208EEC7E004245E9 /* Info.plist */,
			);
			path = ch05_pickerviewUITests;
			sourceTree = "<group>";
		};
		899420AC208EFB97004245E9 /* image */ = {
			isa = PBXGroup;
			children = (
				899420AD208EFBA8004245E9 /* 1.jpg */,
				899420B6208EFBA9004245E9 /* 2.jpg */,
				899420B3208EFBA9004245E9 /* 3.jpg */,
				899420B2208EFBA8004245E9 /* 4.jpg */,
				899420AE208EFBA8004245E9 /* 5.jpg */,
				899420AF208EFBA8004245E9 /* 6.jpg */,
				899420B4208EFBA9004245E9 /* 7.jpg */,
				899420B0208EFBA8004245E9 /* 8.jpg */,
				899420B1208EFBA8004245E9 /* 9.jpg */,
				899420B5208EFBA9004245E9 /* 10.jpg */,
			);
			path = image;
			sourceTree = "<group>";
		};
/* End PBXGroup section */

/* Begin PBXNativeTarget section */
		8994207A208EEC7A004245E9 /* ch05_pickerview */ = {
			isa = PBXNativeTarget;
			buildConfigurationList = 899420A3208EEC7E004245E9 /* Build configuration list for PBXNativeTarget "ch05_pickerview" */;
			buildPhases = (
				89942077208EEC7A004245E9 /* Sources */,
				89942078208EEC7A004245E9 /* Frameworks */,
				89942079208EEC7A004245E9 /* Resources */,
			);
			buildRules = (
			);
			dependencies = (
			);
			name = ch05_pickerview;
			productName = ch05_pickerview;
			productReference = 8994207B208EEC7A004245E9 /* ch05_pickerview.app */;
			productType = "com.apple.product-type.application";
		};
		8994208E208EEC7E004245E9 /* ch05_pickerviewTests */ = {
			isa = PBXNativeTarget;
			buildConfigurationList = 899420A6208EEC7E004245E9 /* Build configuration list for PBXNativeTarget "ch05_pickerviewTests" */;
			buildPhases = (
				8994208B208EEC7E004245E9 /* Sources */,
				8994208C208EEC7E004245E9 /* Frameworks */,
				8994208D208EEC7E004245E9 /* Resources */,
			);
			buildRules = (
			);
			dependencies = (
				89942091208EEC7E004245E9 /* PBXTargetDependency */,
			);
			name = ch05_pickerviewTests;
			productName = ch05_pickerviewTests;
			productReference = 8994208F208EEC7E004245E9 /* ch05_pickerviewTests.xctest */;
			productType = "com.apple.product-type.bundle.unit-test";
		};
		89942099208EEC7E004245E9 /* ch05_pickerviewUITests */ = {
			isa = PBXNativeTarget;
			buildConfigurationList = 899420A9208EEC7E004245E9 /* Build configuration list for PBXNativeTarget "ch05_pickerviewUITests" */;
			buildPhases = (
				89942096208EEC7E004245E9 /* Sources */,
				89942097208EEC7E004245E9 /* Frameworks */,
				89942098208EEC7E004245E9 /* Resources */,
			);
			buildRules = (
			);
			dependencies = (
				8994209C208EEC7E004245E9 /* PBXTargetDependency */,
			);
			name = ch05_pickerviewUITests;
			productName = ch05_pickerviewUITests;
			productReference = 8994209A208EEC7E004245E9 /* ch05_pickerviewUITests.xctest */;
			productType = "com.apple.product-type.bundle.ui-testing";
		};
/* End PBXNativeTarget section */

/* Begin PBXProject section */
		89942073208EEC7A004245E9 /* Project object */ = {
			isa = PBXProject;
			attributes = {
				LastSwiftUpdateCheck = 0930;
				LastUpgradeCheck = 0930;
				ORGANIZATIONNAME = ipp13;
				TargetAttributes = {
					8994207A208EEC7A004245E9 = {
						CreatedOnToolsVersion = 9.3;
					};
					8994208E208EEC7E004245E9 = {
						CreatedOnToolsVersion = 9.3;
						TestTargetID = 8994207A208EEC7A004245E9;
					};
					89942099208EEC7E004245E9 = {
						CreatedOnToolsVersion = 9.3;
						TestTargetID = 8994207A208EEC7A004245E9;
					};
				};
			};
			buildConfigurationList = 89942076208EEC7A004245E9 /* Build configuration list for PBXProject "ch05_pickerview" */;
			compatibilityVersion = "Xcode 9.3";
			developmentRegion = en;
			hasScannedForEncodings = 0;
			knownRegions = (
				en,
				Base,
			);
			mainGroup = 89942072208EEC7A004245E9;
			productRefGroup = 8994207C208EEC7A004245E9 /* Products */;
			projectDirPath = "";
			projectRoot = "";
			targets = (
				8994207A208EEC7A004245E9 /* ch05_pickerview */,
				8994208E208EEC7E004245E9 /* ch05_pickerviewTests */,
				89942099208EEC7E004245E9 /* ch05_pickerviewUITests */,
			);
		};
/* End PBXProject section */

/* Begin PBXResourcesBuildPhase section */
		89942079208EEC7A004245E9 /* Resources */ = {
			isa = PBXResourcesBuildPhase;
			buildActionMask = 2147483647;
			files = (
				899420BE208EFBA9004245E9 /* 7.jpg in Resources */,
				899420B9208EFBA9004245E9 /* 6.jpg in Resources */,
				89942089208EEC7E004245E9 /* LaunchScreen.storyboard in Resources */,
				899420B8208EFBA9004245E9 /* 5.jpg in Resources */,
				899420B7208EFBA9004245E9 /* 1.jpg in Resources */,
				89942086208EEC7E004245E9 /* Assets.xcassets in Resources */,
				899420BD208EFBA9004245E9 /* 3.jpg in Resources */,
				899420BB208EFBA9004245E9 /* 9.jpg in Resources */,
				899420BC208EFBA9004245E9 /* 4.jpg in Resources */,
				899420C0208EFBA9004245E9 /* 2.jpg in Resources */,
				89942084208EEC7A004245E9 /* Main.storyboard in Resources */,
				899420BF208EFBA9004245E9 /* 10.jpg in Resources */,
				899420BA208EFBA9004245E9 /* 8.jpg in Resources */,
			);
			runOnlyForDeploymentPostprocessing = 0;
		};
		8994208D208EEC7E004245E9 /* Resources */ = {
			isa = PBXResourcesBuildPhase;
			buildActionMask = 2147483647;
			files = (
			);
			runOnlyForDeploymentPostprocessing = 0;
		};
		89942098208EEC7E004245E9 /* Resources */ = {
			isa = PBXResourcesBuildPhase;
			buildActionMask = 2147483647;
			files = (
			);
			runOnlyForDeploymentPostprocessing = 0;
		};
/* End PBXResourcesBuildPhase section */

/* Begin PBXSourcesBuildPhase section */
		89942077208EEC7A004245E9 /* Sources */ = {
			isa = PBXSourcesBuildPhase;
			buildActionMask = 2147483647;
			files = (
				89942081208EEC7A004245E9 /* ViewController.swift in Sources */,
				8994207F208EEC7A004245E9 /* AppDelegate.swift in Sources */,
			);
			runOnlyForDeploymentPostprocessing = 0;
		};
		8994208B208EEC7E004245E9 /* Sources */ = {
			isa = PBXSourcesBuildPhase;
			buildActionMask = 2147483647;
			files = (
				89942094208EEC7E004245E9 /* ch05_pickerviewTests.swift in Sources */,
			);
			runOnlyForDeploymentPostprocessing = 0;
		};
		89942096208EEC7E004245E9 /* Sources */ = {
			isa = PBXSourcesBuildPhase;
			buildActionMask = 2147483647;
			files = (
				8994209F208EEC7E004245E9 /* ch05_pickerviewUITests.swift in Sources */,
			);
			runOnlyForDeploymentPostprocessing = 0;
		};
/* End PBXSourcesBuildPhase section */

/* Begin PBXTargetDependency section */
		89942091208EEC7E004245E9 /* PBXTargetDependency */ = {
			isa = PBXTargetDependency;
			target = 8994207A208EEC7A004245E9 /* ch05_pickerview */;
			targetProxy = 89942090208EEC7E004245E9 /* PBXContainerItemProxy */;
		};
		8994209C208EEC7E004245E9 /* PBXTargetDependency */ = {
			isa = PBXTargetDependency;
			target = 8994207A208EEC7A004245E9 /* ch05_pickerview */;
			targetProxy = 8994209B208EEC7E004245E9 /* PBXContainerItemProxy */;
		};
/* End PBXTargetDependency section */

/* Begin PBXVariantGroup section */
		89942082208EEC7A004245E9 /* Main.storyboard */ = {
			isa = PBXVariantGroup;
			children = (
				89942083208EEC7A004245E9 /* Base */,
			);
			name = Main.storyboard;
			sourceTree = "<group>";
		};
		89942087208EEC7E004245E9 /* LaunchScreen.storyboard */ = {
			isa = PBXVariantGroup;
			children = (
				89942088208EEC7E004245E9 /* Base */,
			);
			name = LaunchScreen.storyboard;
			sourceTree = "<group>";
		};
/* End PBXVariantGroup section */

/* Begin XCBuildConfiguration section */
		899420A1208EEC7E004245E9 /* Debug */ = {
			isa = XCBuildConfiguration;
			buildSettings = {
				ALWAYS_SEARCH_USER_PATHS = NO;
				CLANG_ANALYZER_NONNULL = YES;
				CLANG_ANALYZER_NUMBER_OBJECT_CONVERSION = YES_AGGRESSIVE;
				CLANG_CXX_LANGUAGE_STANDARD = "gnu++14";
				CLANG_CXX_LIBRARY = "libc++";
				CLANG_ENABLE_MODULES = YES;
				CLANG_ENABLE_OBJC_ARC = YES;
				CLANG_ENABLE_OBJC_WEAK = YES;
				CLANG_WARN_BLOCK_CAPTURE_AUTORELEASING = YES;
				CLANG_WARN_BOOL_CONVERSION = YES;
				CLANG_WARN_COMMA = YES;
				CLANG_WARN_CONSTANT_CONVERSION = YES;
				CLANG_WARN_DEPRECATED_OBJC_IMPLEMENTATIONS = YES;
				CLANG_WARN_DIRECT_OBJC_ISA_USAGE = YES_ERROR;
				CLANG_WARN_DOCUMENTATION_COMMENTS = YES;
				CLANG_WARN_EMPTY_BODY = YES;
				CLANG_WARN_ENUM_CONVERSION = YES;
				CLANG_WARN_INFINITE_RECURSION = YES;
				CLANG_WARN_INT_CONVERSION = YES;
				CLANG_WARN_NON_LITERAL_NULL_CONVERSION = YES;
				CLANG_WARN_OBJC_IMPLICIT_RETAIN_SELF = YES;
				CLANG_WARN_OBJC_LITERAL_CONVERSION = YES;
				CLANG_WARN_OBJC_ROOT_CLASS = YES_ERROR;
				CLANG_WARN_RANGE_LOOP_ANALYSIS = YES;
				CLANG_WARN_STRICT_PROTOTYPES = YES;
				CLANG_WARN_SUSPICIOUS_MOVE = YES;
				CLANG_WARN_UNGUARDED_AVAILABILITY = YES_AGGRESSIVE;
				CLANG_WARN_UNREACHABLE_CODE = YES;
				CLANG_WARN__DUPLICATE_METHOD_MATCH = YES;
				CODE_SIGN_IDENTITY = "iPhone Developer";
				COPY_PHASE_STRIP = NO;
				DEBUG_INFORMATION_FORMAT = dwarf;
				ENABLE_STRICT_OBJC_MSGSEND = YES;
				ENABLE_TESTABILITY = YES;
				GCC_C_LANGUAGE_STANDARD = gnu11;
				GCC_DYNAMIC_NO_PIC = NO;
				GCC_NO_COMMON_BLOCKS = YES;
				GCC_OPTIMIZATION_LEVEL = 0;
				GCC_PREPROCESSOR_DEFINITIONS = (
					"DEBUG=1",
					"$(inherited)",
				);
				GCC_WARN_64_TO_32_BIT_CONVERSION = YES;
				GCC_WARN_ABOUT_RETURN_TYPE = YES_ERROR;
				GCC_WARN_UNDECLARED_SELECTOR = YES;
				GCC_WARN_UNINITIALIZED_AUTOS = YES_AGGRESSIVE;
				GCC_WARN_UNUSED_FUNCTION = YES;
				GCC_WARN_UNUSED_VARIABLE = YES;
				IPHONEOS_DEPLOYMENT_TARGET = 11.3;
				MTL_ENABLE_DEBUG_INFO = YES;
				ONLY_ACTIVE_ARCH = YES;
				SDKROOT = iphoneos;
				SWIFT_ACTIVE_COMPILATION_CONDITIONS = DEBUG;
				SWIFT_OPTIMIZATION_LEVEL = "-Onone";
			};
			name = Debug;
		};
		899420A2208EEC7E004245E9 /* Release */ = {
			isa = XCBuildConfiguration;
			buildSettings = {
				ALWAYS_SEARCH_USER_PATHS = NO;
				CLANG_ANALYZER_NONNULL = YES;
				CLANG_ANALYZER_NUMBER_OBJECT_CONVERSION = YES_AGGRESSIVE;
				CLANG_CXX_LANGUAGE_STANDARD = "gnu++14";
				CLANG_CXX_LIBRARY = "libc++";
				CLANG_ENABLE_MODULES = YES;
				CLANG_ENABLE_OBJC_ARC = YES;
				CLANG_ENABLE_OBJC_WEAK = YES;
				CLANG_WARN_BLOCK_CAPTURE_AUTORELEASING = YES;
				CLANG_WARN_BOOL_CONVERSION = YES;
				CLANG_WARN_COMMA = YES;
				CLANG_WARN_CONSTANT_CONVERSION = YES;
				CLANG_WARN_DEPRECATED_OBJC_IMPLEMENTATIONS = YES;
				CLANG_WARN_DIRECT_OBJC_ISA_USAGE = YES_ERROR;
				CLANG_WARN_DOCUMENTATION_COMMENTS = YES;
				CLANG_WARN_EMPTY_BODY = YES;
				CLANG_WARN_ENUM_CONVERSION = YES;
				CLANG_WARN_INFINITE_RECURSION = YES;
				CLANG_WARN_INT_CONVERSION = YES;
				CLANG_WARN_NON_LITERAL_NULL_CONVERSION = YES;
				CLANG_WARN_OBJC_IMPLICIT_RETAIN_SELF = YES;
				CLANG_WARN_OBJC_LITERAL_CONVERSION = YES;
				CLANG_WARN_OBJC_ROOT_CLASS = YES_ERROR;
				CLANG_WARN_RANGE_LOOP_ANALYSIS = YES;
				CLANG_WARN_STRICT_PROTOTYPES = YES;
				CLANG_WARN_SUSPICIOUS_MOVE = YES;
				CLANG_WARN_UNGUARDED_AVAILABILITY = YES_AGGRESSIVE;
				CLANG_WARN_UNREACHABLE_CODE = YES;
				CLANG_WARN__DUPLICATE_METHOD_MATCH = YES;
				CODE_SIGN_IDENTITY = "iPhone Developer";
				COPY_PHASE_STRIP = NO;
				DEBUG_INFORMATION_FORMAT = "dwarf-with-dsym";
				ENABLE_NS_ASSERTIONS = NO;
				ENABLE_STRICT_OBJC_MSGSEND = YES;
				GCC_C_LANGUAGE_STANDARD = gnu11;
				GCC_NO_COMMON_BLOCKS = YES;
				GCC_WARN_64_TO_32_BIT_CONVERSION = YES;
				GCC_WARN_ABOUT_RETURN_TYPE = YES_ERROR;
				GCC_WARN_UNDECLARED_SELECTOR = YES;
				GCC_WARN_UNINITIALIZED_AUTOS = YES_AGGRESSIVE;
				GCC_WARN_UNUSED_FUNCTION = YES;
				GCC_WARN_UNUSED_VARIABLE = YES;
				IPHONEOS_DEPLOYMENT_TARGET = 11.3;
				MTL_ENABLE_DEBUG_INFO = NO;
				SDKROOT = iphoneos;
				SWIFT_COMPILATION_MODE = wholemodule;
				SWIFT_OPTIMIZATION_LEVEL = "-O";
				VALIDATE_PRODUCT = YES;
			};
			name = Release;
		};
		899420A4208EEC7E004245E9 /* Debug */ = {
			isa = XCBuildConfiguration;
			buildSettings = {
				ASSETCATALOG_COMPILER_APPICON_NAME = AppIcon;
				CODE_SIGN_STYLE = Automatic;
				INFOPLIST_FILE = ch05_pickerview/Info.plist;
				LD_RUNPATH_SEARCH_PATHS = (
					"$(inherited)",
					"@executable_path/Frameworks",
				);
				PRODUCT_BUNDLE_IDENTIFIER = "ipp3.ch05-pickerview";
				PRODUCT_NAME = "$(TARGET_NAME)";
				SWIFT_VERSION = 4.0;
				TARGETED_DEVICE_FAMILY = "1,2";
			};
			name = Debug;
		};
		899420A5208EEC7E004245E9 /* Release */ = {
			isa = XCBuildConfiguration;
			buildSettings = {
				ASSETCATALOG_COMPILER_APPICON_NAME = AppIcon;
				CODE_SIGN_STYLE = Automatic;
				INFOPLIST_FILE = ch05_pickerview/Info.plist;
				LD_RUNPATH_SEARCH_PATHS = (
					"$(inherited)",
					"@executable_path/Frameworks",
				);
				PRODUCT_BUNDLE_IDENTIFIER = "ipp3.ch05-pickerview";
				PRODUCT_NAME = "$(TARGET_NAME)";
				SWIFT_VERSION = 4.0;
				TARGETED_DEVICE_FAMILY = "1,2";
			};
			name = Release;
		};
		899420A7208EEC7E004245E9 /* Debug */ = {
			isa = XCBuildConfiguration;
			buildSettings = {
				ALWAYS_EMBED_SWIFT_STANDARD_LIBRARIES = YES;
				BUNDLE_LOADER = "$(TEST_HOST)";
				CODE_SIGN_STYLE = Automatic;
				INFOPLIST_FILE = ch05_pickerviewTests/Info.plist;
				LD_RUNPATH_SEARCH_PATHS = (
					"$(inherited)",
					"@executable_path/Frameworks",
					"@loader_path/Frameworks",
				);
				PRODUCT_BUNDLE_IDENTIFIER = "ipp3.ch05-pickerviewTests";
				PRODUCT_NAME = "$(TARGET_NAME)";
				SWIFT_VERSION = 4.0;
				TARGETED_DEVICE_FAMILY = "1,2";
				TEST_HOST = "$(BUILT_PRODUCTS_DIR)/ch05_pickerview.app/ch05_pickerview";
			};
			name = Debug;
		};
		899420A8208EEC7E004245E9 /* Release */ = {
			isa = XCBuildConfiguration;
			buildSettings = {
				ALWAYS_EMBED_SWIFT_STANDARD_LIBRARIES = YES;
				BUNDLE_LOADER = "$(TEST_HOST)";
				CODE_SIGN_STYLE = Automatic;
				INFOPLIST_FILE = ch05_pickerviewTests/Info.plist;
				LD_RUNPATH_SEARCH_PATHS = (
					"$(inherited)",
					"@executable_path/Frameworks",
					"@loader_path/Frameworks",
				);
				PRODUCT_BUNDLE_IDENTIFIER = "ipp3.ch05-pickerviewTests";
				PRODUCT_NAME = "$(TARGET_NAME)";
				SWIFT_VERSION = 4.0;
				TARGETED_DEVICE_FAMILY = "1,2";
				TEST_HOST = "$(BUILT_PRODUCTS_DIR)/ch05_pickerview.app/ch05_pickerview";
			};
			name = Release;
		};
		899420AA208EEC7E004245E9 /* Debug */ = {
			isa = XCBuildConfiguration;
			buildSettings = {
				ALWAYS_EMBED_SWIFT_STANDARD_LIBRARIES = YES;
				CODE_SIGN_STYLE = Automatic;
				INFOPLIST_FILE = ch05_pickerviewUITests/Info.plist;
				LD_RUNPATH_SEARCH_PATHS = (
					"$(inherited)",
					"@executable_path/Frameworks",
					"@loader_path/Frameworks",
				);
				PRODUCT_BUNDLE_IDENTIFIER = "ipp3.ch05-pickerviewUITests";
				PRODUCT_NAME = "$(TARGET_NAME)";
				SWIFT_VERSION = 4.0;
				TARGETED_DEVICE_FAMILY = "1,2";
				TEST_TARGET_NAME = ch05_pickerview;
			};
			name = Debug;
		};
		899420AB208EEC7E004245E9 /* Release */ = {
			isa = XCBuildConfiguration;
			buildSettings = {
				ALWAYS_EMBED_SWIFT_STANDARD_LIBRARIES = YES;
				CODE_SIGN_STYLE = Automatic;
				INFOPLIST_FILE = ch05_pickerviewUITests/Info.plist;
				LD_RUNPATH_SEARCH_PATHS = (
					"$(inherited)",
					"@executable_path/Frameworks",
					"@loader_path/Frameworks",
				);
				PRODUCT_BUNDLE_IDENTIFIER = "ipp3.ch05-pickerviewUITests";
				PRODUCT_NAME = "$(TARGET_NAME)";
				SWIFT_VERSION = 4.0;
				TARGETED_DEVICE_FAMILY = "1,2";
				TEST_TARGET_NAME = ch05_pickerview;
			};
			name = Release;
		};
/* End XCBuildConfiguration section */

/* Begin XCConfigurationList section */
		89942076208EEC7A004245E9 /* Build configuration list for PBXProject "ch05_pickerview" */ = {
			isa = XCConfigurationList;
			buildConfigurations = (
				899420A1208EEC7E004245E9 /* Debug */,
				899420A2208EEC7E004245E9 /* Release */,
			);
			defaultConfigurationIsVisible = 0;
			defaultConfigurationName = Release;
		};
		899420A3208EEC7E004245E9 /* Build configuration list for PBXNativeTarget "ch05_pickerview" */ = {
			isa = XCConfigurationList;
			buildConfigurations = (
				899420A4208EEC7E004245E9 /* Debug */,
				899420A5208EEC7E004245E9 /* Release */,
			);
			defaultConfigurationIsVisible = 0;
			defaultConfigurationName = Release;
		};
		899420A6208EEC7E004245E9 /* Build configuration list for PBXNativeTarget "ch05_pickerviewTests" */ = {
			isa = XCConfigurationList;
			buildConfigurations = (
				899420A7208EEC7E004245E9 /* Debug */,
				899420A8208EEC7E004245E9 /* Release */,
			);
			defaultConfigurationIsVisible = 0;
			defaultConfigurationName = Release;
		};
		899420A9208EEC7E004245E9 /* Build configuration list for PBXNativeTarget "ch05_pickerviewUITests" */ = {
			isa = XCConfigurationList;
			buildConfigurations = (
				899420AA208EEC7E004245E9 /* Debug */,
				899420AB208EEC7E004245E9 /* Release */,
			);
			defaultConfigurationIsVisible = 0;
			defaultConfigurationName = Release;
		};
/* End XCConfigurationList section */
	};
	rootObject = 89942073208EEC7A004245E9 /* Project object */;
}
