// !$*UTF8*$!
{
	archiveVersion = 1;
	classes = {
	};
	objectVersion = 50;
	objects = {

/* Begin PBXBuildFile section */
		899420CE208F19FE004245E9 /* AppDelegate.swift in Sources */ = {isa = PBXBuildFile; fileRef = 899420CD208F19FE004245E9 /* AppDelegate.swift */; };
		899420D0208F19FE004245E9 /* ViewController.swift in Sources */ = {isa = PBXBuildFile; fileRef = 899420CF208F19FE004245E9 /* ViewController.swift */; };
		899420D3208F19FE004245E9 /* Main.storyboard in Resources */ = {isa = PBXBuildFile; fileRef = 899420D1208F19FE004245E9 /* Main.storyboard */; };
		899420D5208F1A04004245E9 /* Assets.xcassets in Resources */ = {isa = PBXBuildFile; fileRef = 899420D4208F1A04004245E9 /* Assets.xcassets */; };
		899420D8208F1A04004245E9 /* LaunchScreen.storyboard in Resources */ = {isa = PBXBuildFile; fileRef = 899420D6208F1A04004245E9 /* LaunchScreen.storyboard */; };
		899420E3208F1A04004245E9 /* ch06_allertTests.swift in Sources */ = {isa = PBXBuildFile; fileRef = 899420E2208F1A04004245E9 /* ch06_allertTests.swift */; };
		899420EE208F1A04004245E9 /* ch06_allertUITests.swift in Sources */ = {isa = PBXBuildFile; fileRef = 899420ED208F1A04004245E9 /* ch06_allertUITests.swift */; };
		899420FE208F1A4D004245E9 /* lamp-off.png in Resources */ = {isa = PBXBuildFile; fileRef = 899420FC208F1A4D004245E9 /* lamp-off.png */; };
		899420FF208F1A4D004245E9 /* lamp-on.png in Resources */ = {isa = PBXBuildFile; fileRef = 899420FD208F1A4D004245E9 /* lamp-on.png */; };
		89942101208F1B5C004245E9 /* lamp-remove.png in Resources */ = {isa = PBXBuildFile; fileRef = 89942100208F1B5C004245E9 /* lamp-remove.png */; };
/* End PBXBuildFile section */

/* Begin PBXContainerItemProxy section */
		899420DF208F1A04004245E9 /* PBXContainerItemProxy */ = {
			isa = PBXContainerItemProxy;
			containerPortal = 899420C2208F19FE004245E9 /* Project object */;
			proxyType = 1;
			remoteGlobalIDString = 899420C9208F19FE004245E9;
			remoteInfo = ch06_allert;
		};
		899420EA208F1A04004245E9 /* PBXContainerItemProxy */ = {
			isa = PBXContainerItemProxy;
			containerPortal = 899420C2208F19FE004245E9 /* Project object */;
			proxyType = 1;
			remoteGlobalIDString = 899420C9208F19FE004245E9;
			remoteInfo = ch06_allert;
		};
/* End PBXContainerItemProxy section */

/* Begin PBXFileReference section */
		899420CA208F19FE004245E9 /* ch06_allert.app */ = {isa = PBXFileReference; explicitFileType = wrapper.application; includeInIndex = 0; path = ch06_allert.app; sourceTree = BUILT_PRODUCTS_DIR; };
		899420CD208F19FE004245E9 /* AppDelegate.swift */ = {isa = PBXFileReference; lastKnownFileType = sourcecode.swift; path = AppDelegate.swift; sourceTree = "<group>"; };
		899420CF208F19FE004245E9 /* ViewController.swift */ = {isa = PBXFileReference; lastKnownFileType = sourcecode.swift; path = ViewController.swift; sourceTree = "<group>"; };
		899420D2208F19FE004245E9 /* Base */ = {isa = PBXFileReference; lastKnownFileType = file.storyboard; name = Base; path = Base.lproj/Main.storyboard; sourceTree = "<group>"; };
		899420D4208F1A04004245E9 /* Assets.xcassets */ = {isa = PBXFileReference; lastKnownFileType = folder.assetcatalog; path = Assets.xcassets; sourceTree = "<group>"; };
		899420D7208F1A04004245E9 /* Base */ = {isa = PBXFileReference; lastKnownFileType = file.storyboard; name = Base; path = Base.lproj/LaunchScreen.storyboard; sourceTree = "<group>"; };
		899420D9208F1A04004245E9 /* Info.plist */ = {isa = PBXFileReference; lastKnownFileType = text.plist.xml; path = Info.plist; sourceTree = "<group>"; };
		899420DE208F1A04004245E9 /* ch06_allertTests.xctest */ = {isa = PBXFileReference; explicitFileType = wrapper.cfbundle; includeInIndex = 0; path = ch06_allertTests.xctest; sourceTree = BUILT_PRODUCTS_DIR; };
		899420E2208F1A04004245E9 /* ch06_allertTests.swift */ = {isa = PBXFileReference; lastKnownFileType = sourcecode.swift; path = ch06_allertTests.swift; sourceTree = "<group>"; };
		899420E4208F1A04004245E9 /* Info.plist */ = {isa = PBXFileReference; lastKnownFileType = text.plist.xml; path = Info.plist; sourceTree = "<group>"; };
		899420E9208F1A04004245E9 /* ch06_allertUITests.xctest */ = {isa = PBXFileReference; explicitFileType = wrapper.cfbundle; includeInIndex = 0; path = ch06_allertUITests.xctest; sourceTree = BUILT_PRODUCTS_DIR; };
		899420ED208F1A04004245E9 /* ch06_allertUITests.swift */ = {isa = PBXFileReference; lastKnownFileType = sourcecode.swift; path = ch06_allertUITests.swift; sourceTree = "<group>"; };
		899420EF208F1A04004245E9 /* Info.plist */ = {isa = PBXFileReference; lastKnownFileType = text.plist.xml; path = Info.plist; sourceTree = "<group>"; };
		899420FC208F1A4D004245E9 /* lamp-off.png */ = {isa = PBXFileReference; lastKnownFileType = image.png; path = "lamp-off.png"; sourceTree = "<group>"; };
		899420FD208F1A4D004245E9 /* lamp-on.png */ = {isa = PBXFileReference; lastKnownFileType = image.png; path = "lamp-on.png"; sourceTree = "<group>"; };
		89942100208F1B5C004245E9 /* lamp-remove.png */ = {isa = PBXFileReference; lastKnownFileType = image.png; path = "lamp-remove.png"; sourceTree = "<group>"; };
/* End PBXFileReference section */

/* Begin PBXFrameworksBuildPhase section */
		899420C7208F19FE004245E9 /* Frameworks */ = {
			isa = PBXFrameworksBuildPhase;
			buildActionMask = 2147483647;
			files = (
			);
			runOnlyForDeploymentPostprocessing = 0;
		};
		899420DB208F1A04004245E9 /* Frameworks */ = {
			isa = PBXFrameworksBuildPhase;
			buildActionMask = 2147483647;
			files = (
			);
			runOnlyForDeploymentPostprocessing = 0;
		};
		899420E6208F1A04004245E9 /* Frameworks */ = {
			isa = PBXFrameworksBuildPhase;
			buildActionMask = 2147483647;
			files = (
			);
			runOnlyForDeploymentPostprocessing = 0;
		};
/* End PBXFrameworksBuildPhase section */

/* Begin PBXGroup section */
		899420C1208F19FE004245E9 = {
			isa = PBXGroup;
			children = (
				899420CC208F19FE004245E9 /* ch06_allert */,
				899420E1208F1A04004245E9 /* ch06_allertTests */,
				899420EC208F1A04004245E9 /* ch06_allertUITests */,
				899420CB208F19FE004245E9 /* Products */,
			);
			sourceTree = "<group>";
		};
		899420CB208F19FE004245E9 /* Products */ = {
			isa = PBXGroup;
			children = (
				899420CA208F19FE004245E9 /* ch06_allert.app */,
				899420DE208F1A04004245E9 /* ch06_allertTests.xctest */,
				899420E9208F1A04004245E9 /* ch06_allertUITests.xctest */,
			);
			name = Products;
			sourceTree = "<group>";
		};
		899420CC208F19FE004245E9 /* ch06_allert */ = {
			isa = PBXGroup;
			children = (
				899420FB208F1A31004245E9 /* image */,
				899420CD208F19FE004245E9 /* AppDelegate.swift */,
				899420CF208F19FE004245E9 /* ViewController.swift */,
				899420D1208F19FE004245E9 /* Main.storyboard */,
				899420D4208F1A04004245E9 /* Assets.xcassets */,
				899420D6208F1A04004245E9 /* LaunchScreen.storyboard */,
				899420D9208F1A04004245E9 /* Info.plist */,
			);
			path = ch06_allert;
			sourceTree = "<group>";
		};
		899420E1208F1A04004245E9 /* ch06_allertTests */ = {
			isa = PBXGroup;
			children = (
				899420E2208F1A04004245E9 /* ch06_allertTests.swift */,
				899420E4208F1A04004245E9 /* Info.plist */,
			);
			path = ch06_allertTests;
			sourceTree = "<group>";
		};
		899420EC208F1A04004245E9 /* ch06_allertUITests */ = {
			isa = PBXGroup;
			children = (
				899420ED208F1A04004245E9 /* ch06_allertUITests.swift */,
				899420EF208F1A04004245E9 /* Info.plist */,
			);
			path = ch06_allertUITests;
			sourceTree = "<group>";
		};
		899420FB208F1A31004245E9 /* image */ = {
			isa = PBXGroup;
			children = (
				899420FC208F1A4D004245E9 /* lamp-off.png */,
				899420FD208F1A4D004245E9 /* lamp-on.png */,
				89942100208F1B5C004245E9 /* lamp-remove.png */,
			);
			path = image;
			sourceTree = "<group>";
		};
/* End PBXGroup section */

/* Begin PBXNativeTarget section */
		899420C9208F19FE004245E9 /* ch06_allert */ = {
			isa = PBXNativeTarget;
			buildConfigurationList = 899420F2208F1A04004245E9 /* Build configuration list for PBXNativeTarget "ch06_allert" */;
			buildPhases = (
				899420C6208F19FE004245E9 /* Sources */,
				899420C7208F19FE004245E9 /* Frameworks */,
				899420C8208F19FE004245E9 /* Resources */,
			);
			buildRules = (
			);
			dependencies = (
			);
			name = ch06_allert;
			productName = ch06_allert;
			productReference = 899420CA208F19FE004245E9 /* ch06_allert.app */;
			productType = "com.apple.product-type.application";
		};
		899420DD208F1A04004245E9 /* ch06_allertTests */ = {
			isa = PBXNativeTarget;
			buildConfigurationList = 899420F5208F1A04004245E9 /* Build configuration list for PBXNativeTarget "ch06_allertTests" */;
			buildPhases = (
				899420DA208F1A04004245E9 /* Sources */,
				899420DB208F1A04004245E9 /* Frameworks */,
				899420DC208F1A04004245E9 /* Resources */,
			);
			buildRules = (
			);
			dependencies = (
				899420E0208F1A04004245E9 /* PBXTargetDependency */,
			);
			name = ch06_allertTests;
			productName = ch06_allertTests;
			productReference = 899420DE208F1A04004245E9 /* ch06_allertTests.xctest */;
			productType = "com.apple.product-type.bundle.unit-test";
		};
		899420E8208F1A04004245E9 /* ch06_allertUITests */ = {
			isa = PBXNativeTarget;
			buildConfigurationList = 899420F8208F1A04004245E9 /* Build configuration list for PBXNativeTarget "ch06_allertUITests" */;
			buildPhases = (
				899420E5208F1A04004245E9 /* Sources */,
				899420E6208F1A04004245E9 /* Frameworks */,
				899420E7208F1A04004245E9 /* Resources */,
			);
			buildRules = (
			);
			dependencies = (
				899420EB208F1A04004245E9 /* PBXTargetDependency */,
			);
			name = ch06_allertUITests;
			productName = ch06_allertUITests;
			productReference = 899420E9208F1A04004245E9 /* ch06_allertUITests.xctest */;
			productType = "com.apple.product-type.bundle.ui-testing";
		};
/* End PBXNativeTarget section */

/* Begin PBXProject section */
		899420C2208F19FE004245E9 /* Project object */ = {
			isa = PBXProject;
			attributes = {
				LastSwiftUpdateCheck = 0930;
				LastUpgradeCheck = 0930;
				ORGANIZATIONNAME = ipp13;
				TargetAttributes = {
					899420C9208F19FE004245E9 = {
						CreatedOnToolsVersion = 9.3;
					};
					899420DD208F1A04004245E9 = {
						CreatedOnToolsVersion = 9.3;
						TestTargetID = 899420C9208F19FE004245E9;
					};
					899420E8208F1A04004245E9 = {
						CreatedOnToolsVersion = 9.3;
						TestTargetID = 899420C9208F19FE004245E9;
					};
				};
			};
			buildConfigurationList = 899420C5208F19FE004245E9 /* Build configuration list for PBXProject "ch06_allert" */;
			compatibilityVersion = "Xcode 9.3";
			developmentRegion = en;
			hasScannedForEncodings = 0;
			knownRegions = (
				en,
				Base,
			);
			mainGroup = 899420C1208F19FE004245E9;
			productRefGroup = 899420CB208F19FE004245E9 /* Products */;
			projectDirPath = "";
			projectRoot = "";
			targets = (
				899420C9208F19FE004245E9 /* ch06_allert */,
				899420DD208F1A04004245E9 /* ch06_allertTests */,
				899420E8208F1A04004245E9 /* ch06_allertUITests */,
			);
		};
/* End PBXProject section */

/* Begin PBXResourcesBuildPhase section */
		899420C8208F19FE004245E9 /* Resources */ = {
			isa = PBXResourcesBuildPhase;
			buildActionMask = 2147483647;
			files = (
				899420D8208F1A04004245E9 /* LaunchScreen.storyboard in Resources */,
				89942101208F1B5C004245E9 /* lamp-remove.png in Resources */,
				899420FE208F1A4D004245E9 /* lamp-off.png in Resources */,
				899420D5208F1A04004245E9 /* Assets.xcassets in Resources */,
				899420D3208F19FE004245E9 /* Main.storyboard in Resources */,
				899420FF208F1A4D004245E9 /* lamp-on.png in Resources */,
			);
			runOnlyForDeploymentPostprocessing = 0;
		};
		899420DC208F1A04004245E9 /* Resources */ = {
			isa = PBXResourcesBuildPhase;
			buildActionMask = 2147483647;
			files = (
			);
			runOnlyForDeploymentPostprocessing = 0;
		};
		899420E7208F1A04004245E9 /* Resources */ = {
			isa = PBXResourcesBuildPhase;
			buildActionMask = 2147483647;
			files = (
			);
			runOnlyForDeploymentPostprocessing = 0;
		};
/* End PBXResourcesBuildPhase section */

/* Begin PBXSourcesBuildPhase section */
		899420C6208F19FE004245E9 /* Sources */ = {
			isa = PBXSourcesBuildPhase;
			buildActionMask = 2147483647;
			files = (
				899420D0208F19FE004245E9 /* ViewController.swift in Sources */,
				899420CE208F19FE004245E9 /* AppDelegate.swift in Sources */,
			);
			runOnlyForDeploymentPostprocessing = 0;
		};
		899420DA208F1A04004245E9 /* Sources */ = {
			isa = PBXSourcesBuildPhase;
			buildActionMask = 2147483647;
			files = (
				899420E3208F1A04004245E9 /* ch06_allertTests.swift in Sources */,
			);
			runOnlyForDeploymentPostprocessing = 0;
		};
		899420E5208F1A04004245E9 /* Sources */ = {
			isa = PBXSourcesBuildPhase;
			buildActionMask = 2147483647;
			files = (
				899420EE208F1A04004245E9 /* ch06_allertUITests.swift in Sources */,
			);
			runOnlyForDeploymentPostprocessing = 0;
		};
/* End PBXSourcesBuildPhase section */

/* Begin PBXTargetDependency section */
		899420E0208F1A04004245E9 /* PBXTargetDependency */ = {
			isa = PBXTargetDependency;
			target = 899420C9208F19FE004245E9 /* ch06_allert */;
			targetProxy = 899420DF208F1A04004245E9 /* PBXContainerItemProxy */;
		};
		899420EB208F1A04004245E9 /* PBXTargetDependency */ = {
			isa = PBXTargetDependency;
			target = 899420C9208F19FE004245E9 /* ch06_allert */;
			targetProxy = 899420EA208F1A04004245E9 /* PBXContainerItemProxy */;
		};
/* End PBXTargetDependency section */

/* Begin PBXVariantGroup section */
		899420D1208F19FE004245E9 /* Main.storyboard */ = {
			isa = PBXVariantGroup;
			children = (
				899420D2208F19FE004245E9 /* Base */,
			);
			name = Main.storyboard;
			sourceTree = "<group>";
		};
		899420D6208F1A04004245E9 /* LaunchScreen.storyboard */ = {
			isa = PBXVariantGroup;
			children = (
				899420D7208F1A04004245E9 /* Base */,
			);
			name = LaunchScreen.storyboard;
			sourceTree = "<group>";
		};
/* End PBXVariantGroup section */

/* Begin XCBuildConfiguration section */
		899420F0208F1A04004245E9 /* Debug */ = {
			isa = XCBuildConfiguration;
			buildSettings = {
				ALWAYS_SEARCH_USER_PATHS = NO;
				CLANG_ANALYZER_NONNULL = YES;
				CLANG_ANALYZER_NUMBER_OBJECT_CONVERSION = YES_AGGRESSIVE;
				CLANG_CXX_LANGUAGE_STANDARD = "gnu++14";
				CLANG_CXX_LIBRARY = "libc++";
				CLANG_ENABLE_MODULES = YES;
				CLANG_ENABLE_OBJC_ARC = YES;
				CLANG_ENABLE_OBJC_WEAK = YES;
				CLANG_WARN_BLOCK_CAPTURE_AUTORELEASING = YES;
				CLANG_WARN_BOOL_CONVERSION = YES;
				CLANG_WARN_COMMA = YES;
				CLANG_WARN_CONSTANT_CONVERSION = YES;
				CLANG_WARN_DEPRECATED_OBJC_IMPLEMENTATIONS = YES;
				CLANG_WARN_DIRECT_OBJC_ISA_USAGE = YES_ERROR;
				CLANG_WARN_DOCUMENTATION_COMMENTS = YES;
				CLANG_WARN_EMPTY_BODY = YES;
				CLANG_WARN_ENUM_CONVERSION = YES;
				CLANG_WARN_INFINITE_RECURSION = YES;
				CLANG_WARN_INT_CONVERSION = YES;
				CLANG_WARN_NON_LITERAL_NULL_CONVERSION = YES;
				CLANG_WARN_OBJC_IMPLICIT_RETAIN_SELF = YES;
				CLANG_WARN_OBJC_LITERAL_CONVERSION = YES;
				CLANG_WARN_OBJC_ROOT_CLASS = YES_ERROR;
				CLANG_WARN_RANGE_LOOP_ANALYSIS = YES;
				CLANG_WARN_STRICT_PROTOTYPES = YES;
				CLANG_WARN_SUSPICIOUS_MOVE = YES;
				CLANG_WARN_UNGUARDED_AVAILABILITY = YES_AGGRESSIVE;
				CLANG_WARN_UNREACHABLE_CODE = YES;
				CLANG_WARN__DUPLICATE_METHOD_MATCH = YES;
				CODE_SIGN_IDENTITY = "iPhone Developer";
				COPY_PHASE_STRIP = NO;
				DEBUG_INFORMATION_FORMAT = dwarf;
				ENABLE_STRICT_OBJC_MSGSEND = YES;
				ENABLE_TESTABILITY = YES;
				GCC_C_LANGUAGE_STANDARD = gnu11;
				GCC_DYNAMIC_NO_PIC = NO;
				GCC_NO_COMMON_BLOCKS = YES;
				GCC_OPTIMIZATION_LEVEL = 0;
				GCC_PREPROCESSOR_DEFINITIONS = (
					"DEBUG=1",
					"$(inherited)",
				);
				GCC_WARN_64_TO_32_BIT_CONVERSION = YES;
				GCC_WARN_ABOUT_RETURN_TYPE = YES_ERROR;
				GCC_WARN_UNDECLARED_SELECTOR = YES;
				GCC_WARN_UNINITIALIZED_AUTOS = YES_AGGRESSIVE;
				GCC_WARN_UNUSED_FUNCTION = YES;
				GCC_WARN_UNUSED_VARIABLE = YES;
				IPHONEOS_DEPLOYMENT_TARGET = 11.3;
				MTL_ENABLE_DEBUG_INFO = YES;
				ONLY_ACTIVE_ARCH = YES;
				SDKROOT = iphoneos;
				SWIFT_ACTIVE_COMPILATION_CONDITIONS = DEBUG;
				SWIFT_OPTIMIZATION_LEVEL = "-Onone";
			};
			name = Debug;
		};
		899420F1208F1A04004245E9 /* Release */ = {
			isa = XCBuildConfiguration;
			buildSettings = {
				ALWAYS_SEARCH_USER_PATHS = NO;
				CLANG_ANALYZER_NONNULL = YES;
				CLANG_ANALYZER_NUMBER_OBJECT_CONVERSION = YES_AGGRESSIVE;
				CLANG_CXX_LANGUAGE_STANDARD = "gnu++14";
				CLANG_CXX_LIBRARY = "libc++";
				CLANG_ENABLE_MODULES = YES;
				CLANG_ENABLE_OBJC_ARC = YES;
				CLANG_ENABLE_OBJC_WEAK = YES;
				CLANG_WARN_BLOCK_CAPTURE_AUTORELEASING = YES;
				CLANG_WARN_BOOL_CONVERSION = YES;
				CLANG_WARN_COMMA = YES;
				CLANG_WARN_CONSTANT_CONVERSION = YES;
				CLANG_WARN_DEPRECATED_OBJC_IMPLEMENTATIONS = YES;
				CLANG_WARN_DIRECT_OBJC_ISA_USAGE = YES_ERROR;
				CLANG_WARN_DOCUMENTATION_COMMENTS = YES;
				CLANG_WARN_EMPTY_BODY = YES;
				CLANG_WARN_ENUM_CONVERSION = YES;
				CLANG_WARN_INFINITE_RECURSION = YES;
				CLANG_WARN_INT_CONVERSION = YES;
				CLANG_WARN_NON_LITERAL_NULL_CONVERSION = YES;
				CLANG_WARN_OBJC_IMPLICIT_RETAIN_SELF = YES;
				CLANG_WARN_OBJC_LITERAL_CONVERSION = YES;
				CLANG_WARN_OBJC_ROOT_CLASS = YES_ERROR;
				CLANG_WARN_RANGE_LOOP_ANALYSIS = YES;
				CLANG_WARN_STRICT_PROTOTYPES = YES;
				CLANG_WARN_SUSPICIOUS_MOVE = YES;
				CLANG_WARN_UNGUARDED_AVAILABILITY = YES_AGGRESSIVE;
				CLANG_WARN_UNREACHABLE_CODE = YES;
				CLANG_WARN__DUPLICATE_METHOD_MATCH = YES;
				CODE_SIGN_IDENTITY = "iPhone Developer";
				COPY_PHASE_STRIP = NO;
				DEBUG_INFORMATION_FORMAT = "dwarf-with-dsym";
				ENABLE_NS_ASSERTIONS = NO;
				ENABLE_STRICT_OBJC_MSGSEND = YES;
				GCC_C_LANGUAGE_STANDARD = gnu11;
				GCC_NO_COMMON_BLOCKS = YES;
				GCC_WARN_64_TO_32_BIT_CONVERSION = YES;
				GCC_WARN_ABOUT_RETURN_TYPE = YES_ERROR;
				GCC_WARN_UNDECLARED_SELECTOR = YES;
				GCC_WARN_UNINITIALIZED_AUTOS = YES_AGGRESSIVE;
				GCC_WARN_UNUSED_FUNCTION = YES;
				GCC_WARN_UNUSED_VARIABLE = YES;
				IPHONEOS_DEPLOYMENT_TARGET = 11.3;
				MTL_ENABLE_DEBUG_INFO = NO;
				SDKROOT = iphoneos;
				SWIFT_COMPILATION_MODE = wholemodule;
				SWIFT_OPTIMIZATION_LEVEL = "-O";
				VALIDATE_PRODUCT = YES;
			};
			name = Release;
		};
		899420F3208F1A04004245E9 /* Debug */ = {
			isa = XCBuildConfiguration;
			buildSettings = {
				ASSETCATALOG_COMPILER_APPICON_NAME = AppIcon;
				CODE_SIGN_STYLE = Automatic;
				INFOPLIST_FILE = ch06_allert/Info.plist;
				LD_RUNPATH_SEARCH_PATHS = (
					"$(inherited)",
					"@executable_path/Frameworks",
				);
				PRODUCT_BUNDLE_IDENTIFIER = "ipp3.ch06-allert";
				PRODUCT_NAME = "$(TARGET_NAME)";
				SWIFT_VERSION = 4.0;
				TARGETED_DEVICE_FAMILY = "1,2";
			};
			name = Debug;
		};
		899420F4208F1A04004245E9 /* Release */ = {
			isa = XCBuildConfiguration;
			buildSettings = {
				ASSETCATALOG_COMPILER_APPICON_NAME = AppIcon;
				CODE_SIGN_STYLE = Automatic;
				INFOPLIST_FILE = ch06_allert/Info.plist;
				LD_RUNPATH_SEARCH_PATHS = (
					"$(inherited)",
					"@executable_path/Frameworks",
				);
				PRODUCT_BUNDLE_IDENTIFIER = "ipp3.ch06-allert";
				PRODUCT_NAME = "$(TARGET_NAME)";
				SWIFT_VERSION = 4.0;
				TARGETED_DEVICE_FAMILY = "1,2";
			};
			name = Release;
		};
		899420F6208F1A04004245E9 /* Debug */ = {
			isa = XCBuildConfiguration;
			buildSettings = {
				ALWAYS_EMBED_SWIFT_STANDARD_LIBRARIES = YES;
				BUNDLE_LOADER = "$(TEST_HOST)";
				CODE_SIGN_STYLE = Automatic;
				INFOPLIST_FILE = ch06_allertTests/Info.plist;
				LD_RUNPATH_SEARCH_PATHS = (
					"$(inherited)",
					"@executable_path/Frameworks",
					"@loader_path/Frameworks",
				);
				PRODUCT_BUNDLE_IDENTIFIER = "ipp3.ch06-allertTests";
				PRODUCT_NAME = "$(TARGET_NAME)";
				SWIFT_VERSION = 4.0;
				TARGETED_DEVICE_FAMILY = "1,2";
				TEST_HOST = "$(BUILT_PRODUCTS_DIR)/ch06_allert.app/ch06_allert";
			};
			name = Debug;
		};
		899420F7208F1A04004245E9 /* Release */ = {
			isa = XCBuildConfiguration;
			buildSettings = {
				ALWAYS_EMBED_SWIFT_STANDARD_LIBRARIES = YES;
				BUNDLE_LOADER = "$(TEST_HOST)";
				CODE_SIGN_STYLE = Automatic;
				INFOPLIST_FILE = ch06_allertTests/Info.plist;
				LD_RUNPATH_SEARCH_PATHS = (
					"$(inherited)",
					"@executable_path/Frameworks",
					"@loader_path/Frameworks",
				);
				PRODUCT_BUNDLE_IDENTIFIER = "ipp3.ch06-allertTests";
				PRODUCT_NAME = "$(TARGET_NAME)";
				SWIFT_VERSION = 4.0;
				TARGETED_DEVICE_FAMILY = "1,2";
				TEST_HOST = "$(BUILT_PRODUCTS_DIR)/ch06_allert.app/ch06_allert";
			};
			name = Release;
		};
		899420F9208F1A04004245E9 /* Debug */ = {
			isa = XCBuildConfiguration;
			buildSettings = {
				ALWAYS_EMBED_SWIFT_STANDARD_LIBRARIES = YES;
				CODE_SIGN_STYLE = Automatic;
				INFOPLIST_FILE = ch06_allertUITests/Info.plist;
				LD_RUNPATH_SEARCH_PATHS = (
					"$(inherited)",
					"@executable_path/Frameworks",
					"@loader_path/Frameworks",
				);
				PRODUCT_BUNDLE_IDENTIFIER = "ipp3.ch06-allertUITests";
				PRODUCT_NAME = "$(TARGET_NAME)";
				SWIFT_VERSION = 4.0;
				TARGETED_DEVICE_FAMILY = "1,2";
				TEST_TARGET_NAME = ch06_allert;
			};
			name = Debug;
		};
		899420FA208F1A04004245E9 /* Release */ = {
			isa = XCBuildConfiguration;
			buildSettings = {
				ALWAYS_EMBED_SWIFT_STANDARD_LIBRARIES = YES;
				CODE_SIGN_STYLE = Automatic;
				INFOPLIST_FILE = ch06_allertUITests/Info.plist;
				LD_RUNPATH_SEARCH_PATHS = (
					"$(inherited)",
					"@executable_path/Frameworks",
					"@loader_path/Frameworks",
				);
				PRODUCT_BUNDLE_IDENTIFIER = "ipp3.ch06-allertUITests";
				PRODUCT_NAME = "$(TARGET_NAME)";
				SWIFT_VERSION = 4.0;
				TARGETED_DEVICE_FAMILY = "1,2";
				TEST_TARGET_NAME = ch06_allert;
			};
			name = Release;
		};
/* End XCBuildConfiguration section */

/* Begin XCConfigurationList section */
		899420C5208F19FE004245E9 /* Build configuration list for PBXProject "ch06_allert" */ = {
			isa = XCConfigurationList;
			buildConfigurations = (
				899420F0208F1A04004245E9 /* Debug */,
				899420F1208F1A04004245E9 /* Release */,
			);
			defaultConfigurationIsVisible = 0;
			defaultConfigurationName = Release;
		};
		899420F2208F1A04004245E9 /* Build configuration list for PBXNativeTarget "ch06_allert" */ = {
			isa = XCConfigurationList;
			buildConfigurations = (
				899420F3208F1A04004245E9 /* Debug */,
				899420F4208F1A04004245E9 /* Release */,
			);
			defaultConfigurationIsVisible = 0;
			defaultConfigurationName = Release;
		};
		899420F5208F1A04004245E9 /* Build configuration list for PBXNativeTarget "ch06_allertTests" */ = {
			isa = XCConfigurationList;
			buildConfigurations = (
				899420F6208F1A04004245E9 /* Debug */,
				899420F7208F1A04004245E9 /* Release */,
			);
			defaultConfigurationIsVisible = 0;
			defaultConfigurationName = Release;
		};
		899420F8208F1A04004245E9 /* Build configuration list for PBXNativeTarget "ch06_allertUITests" */ = {
			isa = XCConfigurationList;
			buildConfigurations = (
				899420F9208F1A04004245E9 /* Debug */,
				899420FA208F1A04004245E9 /* Release */,
			);
			defaultConfigurationIsVisible = 0;
			defaultConfigurationName = Release;
		};
/* End XCConfigurationList section */
	};
	rootObject = 899420C2208F19FE004245E9 /* Project object */;
}
