// !$*UTF8*$!
{
	archiveVersion = 1;
	classes = {
	};
	objectVersion = 50;
	objects = {

/* Begin PBXBuildFile section */
		8928EFFE208742E90020DAAF /* AppDelegate.swift in Sources */ = {isa = PBXBuildFile; fileRef = 8928EFFD208742E90020DAAF /* AppDelegate.swift */; };
		8928F000208742E90020DAAF /* ViewController.swift in Sources */ = {isa = PBXBuildFile; fileRef = 8928EFFF208742E90020DAAF /* ViewController.swift */; };
		8928F003208742E90020DAAF /* Main.storyboard in Resources */ = {isa = PBXBuildFile; fileRef = 8928F001208742E90020DAAF /* Main.storyboard */; };
		8928F005208742EA0020DAAF /* Assets.xcassets in Resources */ = {isa = PBXBuildFile; fileRef = 8928F004208742EA0020DAAF /* Assets.xcassets */; };
		8928F008208742EA0020DAAF /* LaunchScreen.storyboard in Resources */ = {isa = PBXBuildFile; fileRef = 8928F006208742EA0020DAAF /* LaunchScreen.storyboard */; };
		8928F013208742EA0020DAAF /* FahrenheittoCelsiusTests.swift in Sources */ = {isa = PBXBuildFile; fileRef = 8928F012208742EA0020DAAF /* FahrenheittoCelsiusTests.swift */; };
		8928F01E208742EA0020DAAF /* FahrenheittoCelsiusUITests.swift in Sources */ = {isa = PBXBuildFile; fileRef = 8928F01D208742EA0020DAAF /* FahrenheittoCelsiusUITests.swift */; };
/* End PBXBuildFile section */

/* Begin PBXContainerItemProxy section */
		8928F00F208742EA0020DAAF /* PBXContainerItemProxy */ = {
			isa = PBXContainerItemProxy;
			containerPortal = 8928EFF2208742E90020DAAF /* Project object */;
			proxyType = 1;
			remoteGlobalIDString = 8928EFF9208742E90020DAAF;
			remoteInfo = FahrenheittoCelsius;
		};
		8928F01A208742EA0020DAAF /* PBXContainerItemProxy */ = {
			isa = PBXContainerItemProxy;
			containerPortal = 8928EFF2208742E90020DAAF /* Project object */;
			proxyType = 1;
			remoteGlobalIDString = 8928EFF9208742E90020DAAF;
			remoteInfo = FahrenheittoCelsius;
		};
/* End PBXContainerItemProxy section */

/* Begin PBXFileReference section */
		8928EFFA208742E90020DAAF /* FahrenheittoCelsius.app */ = {isa = PBXFileReference; explicitFileType = wrapper.application; includeInIndex = 0; path = FahrenheittoCelsius.app; sourceTree = BUILT_PRODUCTS_DIR; };
		8928EFFD208742E90020DAAF /* AppDelegate.swift */ = {isa = PBXFileReference; lastKnownFileType = sourcecode.swift; path = AppDelegate.swift; sourceTree = "<group>"; };
		8928EFFF208742E90020DAAF /* ViewController.swift */ = {isa = PBXFileReference; lastKnownFileType = sourcecode.swift; path = ViewController.swift; sourceTree = "<group>"; };
		8928F002208742E90020DAAF /* Base */ = {isa = PBXFileReference; lastKnownFileType = file.storyboard; name = Base; path = Base.lproj/Main.storyboard; sourceTree = "<group>"; };
		8928F004208742EA0020DAAF /* Assets.xcassets */ = {isa = PBXFileReference; lastKnownFileType = folder.assetcatalog; path = Assets.xcassets; sourceTree = "<group>"; };
		8928F007208742EA0020DAAF /* Base */ = {isa = PBXFileReference; lastKnownFileType = file.storyboard; name = Base; path = Base.lproj/LaunchScreen.storyboard; sourceTree = "<group>"; };
		8928F009208742EA0020DAAF /* Info.plist */ = {isa = PBXFileReference; lastKnownFileType = text.plist.xml; path = Info.plist; sourceTree = "<group>"; };
		8928F00E208742EA0020DAAF /* FahrenheittoCelsiusTests.xctest */ = {isa = PBXFileReference; explicitFileType = wrapper.cfbundle; includeInIndex = 0; path = FahrenheittoCelsiusTests.xctest; sourceTree = BUILT_PRODUCTS_DIR; };
		8928F012208742EA0020DAAF /* FahrenheittoCelsiusTests.swift */ = {isa = PBXFileReference; lastKnownFileType = sourcecode.swift; path = FahrenheittoCelsiusTests.swift; sourceTree = "<group>"; };
		8928F014208742EA0020DAAF /* Info.plist */ = {isa = PBXFileReference; lastKnownFileType = text.plist.xml; path = Info.plist; sourceTree = "<group>"; };
		8928F019208742EA0020DAAF /* FahrenheittoCelsiusUITests.xctest */ = {isa = PBXFileReference; explicitFileType = wrapper.cfbundle; includeInIndex = 0; path = FahrenheittoCelsiusUITests.xctest; sourceTree = BUILT_PRODUCTS_DIR; };
		8928F01D208742EA0020DAAF /* FahrenheittoCelsiusUITests.swift */ = {isa = PBXFileReference; lastKnownFileType = sourcecode.swift; path = FahrenheittoCelsiusUITests.swift; sourceTree = "<group>"; };
		8928F01F208742EA0020DAAF /* Info.plist */ = {isa = PBXFileReference; lastKnownFileType = text.plist.xml; path = Info.plist; sourceTree = "<group>"; };
/* End PBXFileReference section */

/* Begin PBXFrameworksBuildPhase section */
		8928EFF7208742E90020DAAF /* Frameworks */ = {
			isa = PBXFrameworksBuildPhase;
			buildActionMask = 2147483647;
			files = (
			);
			runOnlyForDeploymentPostprocessing = 0;
		};
		8928F00B208742EA0020DAAF /* Frameworks */ = {
			isa = PBXFrameworksBuildPhase;
			buildActionMask = 2147483647;
			files = (
			);
			runOnlyForDeploymentPostprocessing = 0;
		};
		8928F016208742EA0020DAAF /* Frameworks */ = {
			isa = PBXFrameworksBuildPhase;
			buildActionMask = 2147483647;
			files = (
			);
			runOnlyForDeploymentPostprocessing = 0;
		};
/* End PBXFrameworksBuildPhase section */

/* Begin PBXGroup section */
		8928EFF1208742E90020DAAF = {
			isa = PBXGroup;
			children = (
				8928EFFC208742E90020DAAF /* FahrenheittoCelsius */,
				8928F011208742EA0020DAAF /* FahrenheittoCelsiusTests */,
				8928F01C208742EA0020DAAF /* FahrenheittoCelsiusUITests */,
				8928EFFB208742E90020DAAF /* Products */,
			);
			sourceTree = "<group>";
		};
		8928EFFB208742E90020DAAF /* Products */ = {
			isa = PBXGroup;
			children = (
				8928EFFA208742E90020DAAF /* FahrenheittoCelsius.app */,
				8928F00E208742EA0020DAAF /* FahrenheittoCelsiusTests.xctest */,
				8928F019208742EA0020DAAF /* FahrenheittoCelsiusUITests.xctest */,
			);
			name = Products;
			sourceTree = "<group>";
		};
		8928EFFC208742E90020DAAF /* FahrenheittoCelsius */ = {
			isa = PBXGroup;
			children = (
				8928EFFD208742E90020DAAF /* AppDelegate.swift */,
				8928EFFF208742E90020DAAF /* ViewController.swift */,
				8928F001208742E90020DAAF /* Main.storyboard */,
				8928F004208742EA0020DAAF /* Assets.xcassets */,
				8928F006208742EA0020DAAF /* LaunchScreen.storyboard */,
				8928F009208742EA0020DAAF /* Info.plist */,
			);
			path = FahrenheittoCelsius;
			sourceTree = "<group>";
		};
		8928F011208742EA0020DAAF /* FahrenheittoCelsiusTests */ = {
			isa = PBXGroup;
			children = (
				8928F012208742EA0020DAAF /* FahrenheittoCelsiusTests.swift */,
				8928F014208742EA0020DAAF /* Info.plist */,
			);
			path = FahrenheittoCelsiusTests;
			sourceTree = "<group>";
		};
		8928F01C208742EA0020DAAF /* FahrenheittoCelsiusUITests */ = {
			isa = PBXGroup;
			children = (
				8928F01D208742EA0020DAAF /* FahrenheittoCelsiusUITests.swift */,
				8928F01F208742EA0020DAAF /* Info.plist */,
			);
			path = FahrenheittoCelsiusUITests;
			sourceTree = "<group>";
		};
/* End PBXGroup section */

/* Begin PBXNativeTarget section */
		8928EFF9208742E90020DAAF /* FahrenheittoCelsius */ = {
			isa = PBXNativeTarget;
			buildConfigurationList = 8928F022208742EA0020DAAF /* Build configuration list for PBXNativeTarget "FahrenheittoCelsius" */;
			buildPhases = (
				8928EFF6208742E90020DAAF /* Sources */,
				8928EFF7208742E90020DAAF /* Frameworks */,
				8928EFF8208742E90020DAAF /* Resources */,
			);
			buildRules = (
			);
			dependencies = (
			);
			name = FahrenheittoCelsius;
			productName = FahrenheittoCelsius;
			productReference = 8928EFFA208742E90020DAAF /* FahrenheittoCelsius.app */;
			productType = "com.apple.product-type.application";
		};
		8928F00D208742EA0020DAAF /* FahrenheittoCelsiusTests */ = {
			isa = PBXNativeTarget;
			buildConfigurationList = 8928F025208742EA0020DAAF /* Build configuration list for PBXNativeTarget "FahrenheittoCelsiusTests" */;
			buildPhases = (
				8928F00A208742EA0020DAAF /* Sources */,
				8928F00B208742EA0020DAAF /* Frameworks */,
				8928F00C208742EA0020DAAF /* Resources */,
			);
			buildRules = (
			);
			dependencies = (
				8928F010208742EA0020DAAF /* PBXTargetDependency */,
			);
			name = FahrenheittoCelsiusTests;
			productName = FahrenheittoCelsiusTests;
			productReference = 8928F00E208742EA0020DAAF /* FahrenheittoCelsiusTests.xctest */;
			productType = "com.apple.product-type.bundle.unit-test";
		};
		8928F018208742EA0020DAAF /* FahrenheittoCelsiusUITests */ = {
			isa = PBXNativeTarget;
			buildConfigurationList = 8928F028208742EA0020DAAF /* Build configuration list for PBXNativeTarget "FahrenheittoCelsiusUITests" */;
			buildPhases = (
				8928F015208742EA0020DAAF /* Sources */,
				8928F016208742EA0020DAAF /* Frameworks */,
				8928F017208742EA0020DAAF /* Resources */,
			);
			buildRules = (
			);
			dependencies = (
				8928F01B208742EA0020DAAF /* PBXTargetDependency */,
			);
			name = FahrenheittoCelsiusUITests;
			productName = FahrenheittoCelsiusUITests;
			productReference = 8928F019208742EA0020DAAF /* FahrenheittoCelsiusUITests.xctest */;
			productType = "com.apple.product-type.bundle.ui-testing";
		};
/* End PBXNativeTarget section */

/* Begin PBXProject section */
		8928EFF2208742E90020DAAF /* Project object */ = {
			isa = PBXProject;
			attributes = {
				LastSwiftUpdateCheck = 0930;
				LastUpgradeCheck = 0930;
				ORGANIZATIONNAME = ipp13;
				TargetAttributes = {
					8928EFF9208742E90020DAAF = {
						CreatedOnToolsVersion = 9.3;
					};
					8928F00D208742EA0020DAAF = {
						CreatedOnToolsVersion = 9.3;
						TestTargetID = 8928EFF9208742E90020DAAF;
					};
					8928F018208742EA0020DAAF = {
						CreatedOnToolsVersion = 9.3;
						TestTargetID = 8928EFF9208742E90020DAAF;
					};
				};
			};
			buildConfigurationList = 8928EFF5208742E90020DAAF /* Build configuration list for PBXProject "FahrenheittoCelsius" */;
			compatibilityVersion = "Xcode 9.3";
			developmentRegion = en;
			hasScannedForEncodings = 0;
			knownRegions = (
				en,
				Base,
			);
			mainGroup = 8928EFF1208742E90020DAAF;
			productRefGroup = 8928EFFB208742E90020DAAF /* Products */;
			projectDirPath = "";
			projectRoot = "";
			targets = (
				8928EFF9208742E90020DAAF /* FahrenheittoCelsius */,
				8928F00D208742EA0020DAAF /* FahrenheittoCelsiusTests */,
				8928F018208742EA0020DAAF /* FahrenheittoCelsiusUITests */,
			);
		};
/* End PBXProject section */

/* Begin PBXResourcesBuildPhase section */
		8928EFF8208742E90020DAAF /* Resources */ = {
			isa = PBXResourcesBuildPhase;
			buildActionMask = 2147483647;
			files = (
				8928F008208742EA0020DAAF /* LaunchScreen.storyboard in Resources */,
				8928F005208742EA0020DAAF /* Assets.xcassets in Resources */,
				8928F003208742E90020DAAF /* Main.storyboard in Resources */,
			);
			runOnlyForDeploymentPostprocessing = 0;
		};
		8928F00C208742EA0020DAAF /* Resources */ = {
			isa = PBXResourcesBuildPhase;
			buildActionMask = 2147483647;
			files = (
			);
			runOnlyForDeploymentPostprocessing = 0;
		};
		8928F017208742EA0020DAAF /* Resources */ = {
			isa = PBXResourcesBuildPhase;
			buildActionMask = 2147483647;
			files = (
			);
			runOnlyForDeploymentPostprocessing = 0;
		};
/* End PBXResourcesBuildPhase section */

/* Begin PBXSourcesBuildPhase section */
		8928EFF6208742E90020DAAF /* Sources */ = {
			isa = PBXSourcesBuildPhase;
			buildActionMask = 2147483647;
			files = (
				8928F000208742E90020DAAF /* ViewController.swift in Sources */,
				8928EFFE208742E90020DAAF /* AppDelegate.swift in Sources */,
			);
			runOnlyForDeploymentPostprocessing = 0;
		};
		8928F00A208742EA0020DAAF /* Sources */ = {
			isa = PBXSourcesBuildPhase;
			buildActionMask = 2147483647;
			files = (
				8928F013208742EA0020DAAF /* FahrenheittoCelsiusTests.swift in Sources */,
			);
			runOnlyForDeploymentPostprocessing = 0;
		};
		8928F015208742EA0020DAAF /* Sources */ = {
			isa = PBXSourcesBuildPhase;
			buildActionMask = 2147483647;
			files = (
				8928F01E208742EA0020DAAF /* FahrenheittoCelsiusUITests.swift in Sources */,
			);
			runOnlyForDeploymentPostprocessing = 0;
		};
/* End PBXSourcesBuildPhase section */

/* Begin PBXTargetDependency section */
		8928F010208742EA0020DAAF /* PBXTargetDependency */ = {
			isa = PBXTargetDependency;
			target = 8928EFF9208742E90020DAAF /* FahrenheittoCelsius */;
			targetProxy = 8928F00F208742EA0020DAAF /* PBXContainerItemProxy */;
		};
		8928F01B208742EA0020DAAF /* PBXTargetDependency */ = {
			isa = PBXTargetDependency;
			target = 8928EFF9208742E90020DAAF /* FahrenheittoCelsius */;
			targetProxy = 8928F01A208742EA0020DAAF /* PBXContainerItemProxy */;
		};
/* End PBXTargetDependency section */

/* Begin PBXVariantGroup section */
		8928F001208742E90020DAAF /* Main.storyboard */ = {
			isa = PBXVariantGroup;
			children = (
				8928F002208742E90020DAAF /* Base */,
			);
			name = Main.storyboard;
			sourceTree = "<group>";
		};
		8928F006208742EA0020DAAF /* LaunchScreen.storyboard */ = {
			isa = PBXVariantGroup;
			children = (
				8928F007208742EA0020DAAF /* Base */,
			);
			name = LaunchScreen.storyboard;
			sourceTree = "<group>";
		};
/* End PBXVariantGroup section */

/* Begin XCBuildConfiguration section */
		8928F020208742EA0020DAAF /* Debug */ = {
			isa = XCBuildConfiguration;
			buildSettings = {
				ALWAYS_SEARCH_USER_PATHS = NO;
				CLANG_ANALYZER_NONNULL = YES;
				CLANG_ANALYZER_NUMBER_OBJECT_CONVERSION = YES_AGGRESSIVE;
				CLANG_CXX_LANGUAGE_STANDARD = "gnu++14";
				CLANG_CXX_LIBRARY = "libc++";
				CLANG_ENABLE_MODULES = YES;
				CLANG_ENABLE_OBJC_ARC = YES;
				CLANG_ENABLE_OBJC_WEAK = YES;
				CLANG_WARN_BLOCK_CAPTURE_AUTORELEASING = YES;
				CLANG_WARN_BOOL_CONVERSION = YES;
				CLANG_WARN_COMMA = YES;
				CLANG_WARN_CONSTANT_CONVERSION = YES;
				CLANG_WARN_DEPRECATED_OBJC_IMPLEMENTATIONS = YES;
				CLANG_WARN_DIRECT_OBJC_ISA_USAGE = YES_ERROR;
				CLANG_WARN_DOCUMENTATION_COMMENTS = YES;
				CLANG_WARN_EMPTY_BODY = YES;
				CLANG_WARN_ENUM_CONVERSION = YES;
				CLANG_WARN_INFINITE_RECURSION = YES;
				CLANG_WARN_INT_CONVERSION = YES;
				CLANG_WARN_NON_LITERAL_NULL_CONVERSION = YES;
				CLANG_WARN_OBJC_IMPLICIT_RETAIN_SELF = YES;
				CLANG_WARN_OBJC_LITERAL_CONVERSION = YES;
				CLANG_WARN_OBJC_ROOT_CLASS = YES_ERROR;
				CLANG_WARN_RANGE_LOOP_ANALYSIS = YES;
				CLANG_WARN_STRICT_PROTOTYPES = YES;
				CLANG_WARN_SUSPICIOUS_MOVE = YES;
				CLANG_WARN_UNGUARDED_AVAILABILITY = YES_AGGRESSIVE;
				CLANG_WARN_UNREACHABLE_CODE = YES;
				CLANG_WARN__DUPLICATE_METHOD_MATCH = YES;
				CODE_SIGN_IDENTITY = "iPhone Developer";
				COPY_PHASE_STRIP = NO;
				DEBUG_INFORMATION_FORMAT = dwarf;
				ENABLE_STRICT_OBJC_MSGSEND = YES;
				ENABLE_TESTABILITY = YES;
				GCC_C_LANGUAGE_STANDARD = gnu11;
				GCC_DYNAMIC_NO_PIC = NO;
				GCC_NO_COMMON_BLOCKS = YES;
				GCC_OPTIMIZATION_LEVEL = 0;
				GCC_PREPROCESSOR_DEFINITIONS = (
					"DEBUG=1",
					"$(inherited)",
				);
				GCC_WARN_64_TO_32_BIT_CONVERSION = YES;
				GCC_WARN_ABOUT_RETURN_TYPE = YES_ERROR;
				GCC_WARN_UNDECLARED_SELECTOR = YES;
				GCC_WARN_UNINITIALIZED_AUTOS = YES_AGGRESSIVE;
				GCC_WARN_UNUSED_FUNCTION = YES;
				GCC_WARN_UNUSED_VARIABLE = YES;
				IPHONEOS_DEPLOYMENT_TARGET = 11.3;
				MTL_ENABLE_DEBUG_INFO = YES;
				ONLY_ACTIVE_ARCH = YES;
				SDKROOT = iphoneos;
				SWIFT_ACTIVE_COMPILATION_CONDITIONS = DEBUG;
				SWIFT_OPTIMIZATION_LEVEL = "-Onone";
			};
			name = Debug;
		};
		8928F021208742EA0020DAAF /* Release */ = {
			isa = XCBuildConfiguration;
			buildSettings = {
				ALWAYS_SEARCH_USER_PATHS = NO;
				CLANG_ANALYZER_NONNULL = YES;
				CLANG_ANALYZER_NUMBER_OBJECT_CONVERSION = YES_AGGRESSIVE;
				CLANG_CXX_LANGUAGE_STANDARD = "gnu++14";
				CLANG_CXX_LIBRARY = "libc++";
				CLANG_ENABLE_MODULES = YES;
				CLANG_ENABLE_OBJC_ARC = YES;
				CLANG_ENABLE_OBJC_WEAK = YES;
				CLANG_WARN_BLOCK_CAPTURE_AUTORELEASING = YES;
				CLANG_WARN_BOOL_CONVERSION = YES;
				CLANG_WARN_COMMA = YES;
				CLANG_WARN_CONSTANT_CONVERSION = YES;
				CLANG_WARN_DEPRECATED_OBJC_IMPLEMENTATIONS = YES;
				CLANG_WARN_DIRECT_OBJC_ISA_USAGE = YES_ERROR;
				CLANG_WARN_DOCUMENTATION_COMMENTS = YES;
				CLANG_WARN_EMPTY_BODY = YES;
				CLANG_WARN_ENUM_CONVERSION = YES;
				CLANG_WARN_INFINITE_RECURSION = YES;
				CLANG_WARN_INT_CONVERSION = YES;
				CLANG_WARN_NON_LITERAL_NULL_CONVERSION = YES;
				CLANG_WARN_OBJC_IMPLICIT_RETAIN_SELF = YES;
				CLANG_WARN_OBJC_LITERAL_CONVERSION = YES;
				CLANG_WARN_OBJC_ROOT_CLASS = YES_ERROR;
				CLANG_WARN_RANGE_LOOP_ANALYSIS = YES;
				CLANG_WARN_STRICT_PROTOTYPES = YES;
				CLANG_WARN_SUSPICIOUS_MOVE = YES;
				CLANG_WARN_UNGUARDED_AVAILABILITY = YES_AGGRESSIVE;
				CLANG_WARN_UNREACHABLE_CODE = YES;
				CLANG_WARN__DUPLICATE_METHOD_MATCH = YES;
				CODE_SIGN_IDENTITY = "iPhone Developer";
				COPY_PHASE_STRIP = NO;
				DEBUG_INFORMATION_FORMAT = "dwarf-with-dsym";
				ENABLE_NS_ASSERTIONS = NO;
				ENABLE_STRICT_OBJC_MSGSEND = YES;
				GCC_C_LANGUAGE_STANDARD = gnu11;
				GCC_NO_COMMON_BLOCKS = YES;
				GCC_WARN_64_TO_32_BIT_CONVERSION = YES;
				GCC_WARN_ABOUT_RETURN_TYPE = YES_ERROR;
				GCC_WARN_UNDECLARED_SELECTOR = YES;
				GCC_WARN_UNINITIALIZED_AUTOS = YES_AGGRESSIVE;
				GCC_WARN_UNUSED_FUNCTION = YES;
				GCC_WARN_UNUSED_VARIABLE = YES;
				IPHONEOS_DEPLOYMENT_TARGET = 11.3;
				MTL_ENABLE_DEBUG_INFO = NO;
				SDKROOT = iphoneos;
				SWIFT_COMPILATION_MODE = wholemodule;
				SWIFT_OPTIMIZATION_LEVEL = "-O";
				VALIDATE_PRODUCT = YES;
			};
			name = Release;
		};
		8928F023208742EA0020DAAF /* Debug */ = {
			isa = XCBuildConfiguration;
			buildSettings = {
				ASSETCATALOG_COMPILER_APPICON_NAME = AppIcon;
				CODE_SIGN_STYLE = Automatic;
				INFOPLIST_FILE = FahrenheittoCelsius/Info.plist;
				LD_RUNPATH_SEARCH_PATHS = (
					"$(inherited)",
					"@executable_path/Frameworks",
				);
				PRODUCT_BUNDLE_IDENTIFIER = ipp3.FahrenheittoCelsius;
				PRODUCT_NAME = "$(TARGET_NAME)";
				SWIFT_VERSION = 4.0;
				TARGETED_DEVICE_FAMILY = "1,2";
			};
			name = Debug;
		};
		8928F024208742EA0020DAAF /* Release */ = {
			isa = XCBuildConfiguration;
			buildSettings = {
				ASSETCATALOG_COMPILER_APPICON_NAME = AppIcon;
				CODE_SIGN_STYLE = Automatic;
				INFOPLIST_FILE = FahrenheittoCelsius/Info.plist;
				LD_RUNPATH_SEARCH_PATHS = (
					"$(inherited)",
					"@executable_path/Frameworks",
				);
				PRODUCT_BUNDLE_IDENTIFIER = ipp3.FahrenheittoCelsius;
				PRODUCT_NAME = "$(TARGET_NAME)";
				SWIFT_VERSION = 4.0;
				TARGETED_DEVICE_FAMILY = "1,2";
			};
			name = Release;
		};
		8928F026208742EA0020DAAF /* Debug */ = {
			isa = XCBuildConfiguration;
			buildSettings = {
				ALWAYS_EMBED_SWIFT_STANDARD_LIBRARIES = YES;
				BUNDLE_LOADER = "$(TEST_HOST)";
				CODE_SIGN_STYLE = Automatic;
				INFOPLIST_FILE = FahrenheittoCelsiusTests/Info.plist;
				LD_RUNPATH_SEARCH_PATHS = (
					"$(inherited)",
					"@executable_path/Frameworks",
					"@loader_path/Frameworks",
				);
				PRODUCT_BUNDLE_IDENTIFIER = ipp3.FahrenheittoCelsiusTests;
				PRODUCT_NAME = "$(TARGET_NAME)";
				SWIFT_VERSION = 4.0;
				TARGETED_DEVICE_FAMILY = "1,2";
				TEST_HOST = "$(BUILT_PRODUCTS_DIR)/FahrenheittoCelsius.app/FahrenheittoCelsius";
			};
			name = Debug;
		};
		8928F027208742EA0020DAAF /* Release */ = {
			isa = XCBuildConfiguration;
			buildSettings = {
				ALWAYS_EMBED_SWIFT_STANDARD_LIBRARIES = YES;
				BUNDLE_LOADER = "$(TEST_HOST)";
				CODE_SIGN_STYLE = Automatic;
				INFOPLIST_FILE = FahrenheittoCelsiusTests/Info.plist;
				LD_RUNPATH_SEARCH_PATHS = (
					"$(inherited)",
					"@executable_path/Frameworks",
					"@loader_path/Frameworks",
				);
				PRODUCT_BUNDLE_IDENTIFIER = ipp3.FahrenheittoCelsiusTests;
				PRODUCT_NAME = "$(TARGET_NAME)";
				SWIFT_VERSION = 4.0;
				TARGETED_DEVICE_FAMILY = "1,2";
				TEST_HOST = "$(BUILT_PRODUCTS_DIR)/FahrenheittoCelsius.app/FahrenheittoCelsius";
			};
			name = Release;
		};
		8928F029208742EA0020DAAF /* Debug */ = {
			isa = XCBuildConfiguration;
			buildSettings = {
				ALWAYS_EMBED_SWIFT_STANDARD_LIBRARIES = YES;
				CODE_SIGN_STYLE = Automatic;
				INFOPLIST_FILE = FahrenheittoCelsiusUITests/Info.plist;
				LD_RUNPATH_SEARCH_PATHS = (
					"$(inherited)",
					"@executable_path/Frameworks",
					"@loader_path/Frameworks",
				);
				PRODUCT_BUNDLE_IDENTIFIER = ipp3.FahrenheittoCelsiusUITests;
				PRODUCT_NAME = "$(TARGET_NAME)";
				SWIFT_VERSION = 4.0;
				TARGETED_DEVICE_FAMILY = "1,2";
				TEST_TARGET_NAME = FahrenheittoCelsius;
			};
			name = Debug;
		};
		8928F02A208742EA0020DAAF /* Release */ = {
			isa = XCBuildConfiguration;
			buildSettings = {
				ALWAYS_EMBED_SWIFT_STANDARD_LIBRARIES = YES;
				CODE_SIGN_STYLE = Automatic;
				INFOPLIST_FILE = FahrenheittoCelsiusUITests/Info.plist;
				LD_RUNPATH_SEARCH_PATHS = (
					"$(inherited)",
					"@executable_path/Frameworks",
					"@loader_path/Frameworks",
				);
				PRODUCT_BUNDLE_IDENTIFIER = ipp3.FahrenheittoCelsiusUITests;
				PRODUCT_NAME = "$(TARGET_NAME)";
				SWIFT_VERSION = 4.0;
				TARGETED_DEVICE_FAMILY = "1,2";
				TEST_TARGET_NAME = FahrenheittoCelsius;
			};
			name = Release;
		};
/* End XCBuildConfiguration section */

/* Begin XCConfigurationList section */
		8928EFF5208742E90020DAAF /* Build configuration list for PBXProject "FahrenheittoCelsius" */ = {
			isa = XCConfigurationList;
			buildConfigurations = (
				8928F020208742EA0020DAAF /* Debug */,
				8928F021208742EA0020DAAF /* Release */,
			);
			defaultConfigurationIsVisible = 0;
			defaultConfigurationName = Release;
		};
		8928F022208742EA0020DAAF /* Build configuration list for PBXNativeTarget "FahrenheittoCelsius" */ = {
			isa = XCConfigurationList;
			buildConfigurations = (
				8928F023208742EA0020DAAF /* Debug */,
				8928F024208742EA0020DAAF /* Release */,
			);
			defaultConfigurationIsVisible = 0;
			defaultConfigurationName = Release;
		};
		8928F025208742EA0020DAAF /* Build configuration list for PBXNativeTarget "FahrenheittoCelsiusTests" */ = {
			isa = XCConfigurationList;
			buildConfigurations = (
				8928F026208742EA0020DAAF /* Debug */,
				8928F027208742EA0020DAAF /* Release */,
			);
			defaultConfigurationIsVisible = 0;
			defaultConfigurationName = Release;
		};
		8928F028208742EA0020DAAF /* Build configuration list for PBXNativeTarget "FahrenheittoCelsiusUITests" */ = {
			isa = XCConfigurationList;
			buildConfigurations = (
				8928F029208742EA0020DAAF /* Debug */,
				8928F02A208742EA0020DAAF /* Release */,
			);
			defaultConfigurationIsVisible = 0;
			defaultConfigurationName = Release;
		};
/* End XCConfigurationList section */
	};
	rootObject = 8928EFF2208742E90020DAAF /* Project object */;
}
