// !$*UTF8*$!
{
	archiveVersion = 1;
	classes = {
	};
	objectVersion = 50;
	objects = {

/* Begin PBXBuildFile section */
		8928F0382087590F0020DAAF /* AppDelegate.swift in Sources */ = {isa = PBXBuildFile; fileRef = 8928F0372087590F0020DAAF /* AppDelegate.swift */; };
		8928F03A2087590F0020DAAF /* ViewController.swift in Sources */ = {isa = PBXBuildFile; fileRef = 8928F0392087590F0020DAAF /* ViewController.swift */; };
		8928F03D2087590F0020DAAF /* Main.storyboard in Resources */ = {isa = PBXBuildFile; fileRef = 8928F03B2087590F0020DAAF /* Main.storyboard */; };
		8928F03F208759160020DAAF /* Assets.xcassets in Resources */ = {isa = PBXBuildFile; fileRef = 8928F03E208759160020DAAF /* Assets.xcassets */; };
		8928F042208759160020DAAF /* LaunchScreen.storyboard in Resources */ = {isa = PBXBuildFile; fileRef = 8928F040208759160020DAAF /* LaunchScreen.storyboard */; };
		8928F04D208759160020DAAF /* Ch03Tests.swift in Sources */ = {isa = PBXBuildFile; fileRef = 8928F04C208759160020DAAF /* Ch03Tests.swift */; };
		8928F058208759160020DAAF /* Ch03UITests.swift in Sources */ = {isa = PBXBuildFile; fileRef = 8928F057208759160020DAAF /* Ch03UITests.swift */; };
		8928F067208759A70020DAAF /* lamp_on.png in Resources */ = {isa = PBXBuildFile; fileRef = 8928F065208759A70020DAAF /* lamp_on.png */; };
		8928F068208759A70020DAAF /* lamp_off.png in Resources */ = {isa = PBXBuildFile; fileRef = 8928F066208759A70020DAAF /* lamp_off.png */; };
/* End PBXBuildFile section */

/* Begin PBXContainerItemProxy section */
		8928F049208759160020DAAF /* PBXContainerItemProxy */ = {
			isa = PBXContainerItemProxy;
			containerPortal = 8928F02C2087590F0020DAAF /* Project object */;
			proxyType = 1;
			remoteGlobalIDString = 8928F0332087590F0020DAAF;
			remoteInfo = Ch03;
		};
		8928F054208759160020DAAF /* PBXContainerItemProxy */ = {
			isa = PBXContainerItemProxy;
			containerPortal = 8928F02C2087590F0020DAAF /* Project object */;
			proxyType = 1;
			remoteGlobalIDString = 8928F0332087590F0020DAAF;
			remoteInfo = Ch03;
		};
/* End PBXContainerItemProxy section */

/* Begin PBXFileReference section */
		8928F0342087590F0020DAAF /* Ch03.app */ = {isa = PBXFileReference; explicitFileType = wrapper.application; includeInIndex = 0; path = Ch03.app; sourceTree = BUILT_PRODUCTS_DIR; };
		8928F0372087590F0020DAAF /* AppDelegate.swift */ = {isa = PBXFileReference; lastKnownFileType = sourcecode.swift; path = AppDelegate.swift; sourceTree = "<group>"; };
		8928F0392087590F0020DAAF /* ViewController.swift */ = {isa = PBXFileReference; lastKnownFileType = sourcecode.swift; path = ViewController.swift; sourceTree = "<group>"; };
		8928F03C2087590F0020DAAF /* Base */ = {isa = PBXFileReference; lastKnownFileType = file.storyboard; name = Base; path = Base.lproj/Main.storyboard; sourceTree = "<group>"; };
		8928F03E208759160020DAAF /* Assets.xcassets */ = {isa = PBXFileReference; lastKnownFileType = folder.assetcatalog; path = Assets.xcassets; sourceTree = "<group>"; };
		8928F041208759160020DAAF /* Base */ = {isa = PBXFileReference; lastKnownFileType = file.storyboard; name = Base; path = Base.lproj/LaunchScreen.storyboard; sourceTree = "<group>"; };
		8928F043208759160020DAAF /* Info.plist */ = {isa = PBXFileReference; lastKnownFileType = text.plist.xml; path = Info.plist; sourceTree = "<group>"; };
		8928F048208759160020DAAF /* Ch03Tests.xctest */ = {isa = PBXFileReference; explicitFileType = wrapper.cfbundle; includeInIndex = 0; path = Ch03Tests.xctest; sourceTree = BUILT_PRODUCTS_DIR; };
		8928F04C208759160020DAAF /* Ch03Tests.swift */ = {isa = PBXFileReference; lastKnownFileType = sourcecode.swift; path = Ch03Tests.swift; sourceTree = "<group>"; };
		8928F04E208759160020DAAF /* Info.plist */ = {isa = PBXFileReference; lastKnownFileType = text.plist.xml; path = Info.plist; sourceTree = "<group>"; };
		8928F053208759160020DAAF /* Ch03UITests.xctest */ = {isa = PBXFileReference; explicitFileType = wrapper.cfbundle; includeInIndex = 0; path = Ch03UITests.xctest; sourceTree = BUILT_PRODUCTS_DIR; };
		8928F057208759160020DAAF /* Ch03UITests.swift */ = {isa = PBXFileReference; lastKnownFileType = sourcecode.swift; path = Ch03UITests.swift; sourceTree = "<group>"; };
		8928F059208759160020DAAF /* Info.plist */ = {isa = PBXFileReference; lastKnownFileType = text.plist.xml; path = Info.plist; sourceTree = "<group>"; };
		8928F065208759A70020DAAF /* lamp_on.png */ = {isa = PBXFileReference; lastKnownFileType = image.png; path = lamp_on.png; sourceTree = "<group>"; };
		8928F066208759A70020DAAF /* lamp_off.png */ = {isa = PBXFileReference; lastKnownFileType = image.png; path = lamp_off.png; sourceTree = "<group>"; };
/* End PBXFileReference section */

/* Begin PBXFrameworksBuildPhase section */
		8928F0312087590F0020DAAF /* Frameworks */ = {
			isa = PBXFrameworksBuildPhase;
			buildActionMask = 2147483647;
			files = (
			);
			runOnlyForDeploymentPostprocessing = 0;
		};
		8928F045208759160020DAAF /* Frameworks */ = {
			isa = PBXFrameworksBuildPhase;
			buildActionMask = 2147483647;
			files = (
			);
			runOnlyForDeploymentPostprocessing = 0;
		};
		8928F050208759160020DAAF /* Frameworks */ = {
			isa = PBXFrameworksBuildPhase;
			buildActionMask = 2147483647;
			files = (
			);
			runOnlyForDeploymentPostprocessing = 0;
		};
/* End PBXFrameworksBuildPhase section */

/* Begin PBXGroup section */
		8928F02B2087590F0020DAAF = {
			isa = PBXGroup;
			children = (
				8928F0362087590F0020DAAF /* Ch03 */,
				8928F04B208759160020DAAF /* Ch03Tests */,
				8928F056208759160020DAAF /* Ch03UITests */,
				8928F0352087590F0020DAAF /* Products */,
			);
			sourceTree = "<group>";
		};
		8928F0352087590F0020DAAF /* Products */ = {
			isa = PBXGroup;
			children = (
				8928F0342087590F0020DAAF /* Ch03.app */,
				8928F048208759160020DAAF /* Ch03Tests.xctest */,
				8928F053208759160020DAAF /* Ch03UITests.xctest */,
			);
			name = Products;
			sourceTree = "<group>";
		};
		8928F0362087590F0020DAAF /* Ch03 */ = {
			isa = PBXGroup;
			children = (
				8928F0372087590F0020DAAF /* AppDelegate.swift */,
				8928F0392087590F0020DAAF /* ViewController.swift */,
				8928F066208759A70020DAAF /* lamp_off.png */,
				8928F065208759A70020DAAF /* lamp_on.png */,
				8928F03B2087590F0020DAAF /* Main.storyboard */,
				8928F03E208759160020DAAF /* Assets.xcassets */,
				8928F040208759160020DAAF /* LaunchScreen.storyboard */,
				8928F043208759160020DAAF /* Info.plist */,
			);
			path = Ch03;
			sourceTree = "<group>";
		};
		8928F04B208759160020DAAF /* Ch03Tests */ = {
			isa = PBXGroup;
			children = (
				8928F04C208759160020DAAF /* Ch03Tests.swift */,
				8928F04E208759160020DAAF /* Info.plist */,
			);
			path = Ch03Tests;
			sourceTree = "<group>";
		};
		8928F056208759160020DAAF /* Ch03UITests */ = {
			isa = PBXGroup;
			children = (
				8928F057208759160020DAAF /* Ch03UITests.swift */,
				8928F059208759160020DAAF /* Info.plist */,
			);
			path = Ch03UITests;
			sourceTree = "<group>";
		};
/* End PBXGroup section */

/* Begin PBXNativeTarget section */
		8928F0332087590F0020DAAF /* Ch03 */ = {
			isa = PBXNativeTarget;
			buildConfigurationList = 8928F05C208759160020DAAF /* Build configuration list for PBXNativeTarget "Ch03" */;
			buildPhases = (
				8928F0302087590F0020DAAF /* Sources */,
				8928F0312087590F0020DAAF /* Frameworks */,
				8928F0322087590F0020DAAF /* Resources */,
			);
			buildRules = (
			);
			dependencies = (
			);
			name = Ch03;
			productName = Ch03;
			productReference = 8928F0342087590F0020DAAF /* Ch03.app */;
			productType = "com.apple.product-type.application";
		};
		8928F047208759160020DAAF /* Ch03Tests */ = {
			isa = PBXNativeTarget;
			buildConfigurationList = 8928F05F208759160020DAAF /* Build configuration list for PBXNativeTarget "Ch03Tests" */;
			buildPhases = (
				8928F044208759160020DAAF /* Sources */,
				8928F045208759160020DAAF /* Frameworks */,
				8928F046208759160020DAAF /* Resources */,
			);
			buildRules = (
			);
			dependencies = (
				8928F04A208759160020DAAF /* PBXTargetDependency */,
			);
			name = Ch03Tests;
			productName = Ch03Tests;
			productReference = 8928F048208759160020DAAF /* Ch03Tests.xctest */;
			productType = "com.apple.product-type.bundle.unit-test";
		};
		8928F052208759160020DAAF /* Ch03UITests */ = {
			isa = PBXNativeTarget;
			buildConfigurationList = 8928F062208759160020DAAF /* Build configuration list for PBXNativeTarget "Ch03UITests" */;
			buildPhases = (
				8928F04F208759160020DAAF /* Sources */,
				8928F050208759160020DAAF /* Frameworks */,
				8928F051208759160020DAAF /* Resources */,
			);
			buildRules = (
			);
			dependencies = (
				8928F055208759160020DAAF /* PBXTargetDependency */,
			);
			name = Ch03UITests;
			productName = Ch03UITests;
			productReference = 8928F053208759160020DAAF /* Ch03UITests.xctest */;
			productType = "com.apple.product-type.bundle.ui-testing";
		};
/* End PBXNativeTarget section */

/* Begin PBXProject section */
		8928F02C2087590F0020DAAF /* Project object */ = {
			isa = PBXProject;
			attributes = {
				LastSwiftUpdateCheck = 0930;
				LastUpgradeCheck = 0930;
				ORGANIZATIONNAME = ipp13;
				TargetAttributes = {
					8928F0332087590F0020DAAF = {
						CreatedOnToolsVersion = 9.3;
					};
					8928F047208759160020DAAF = {
						CreatedOnToolsVersion = 9.3;
						TestTargetID = 8928F0332087590F0020DAAF;
					};
					8928F052208759160020DAAF = {
						CreatedOnToolsVersion = 9.3;
						TestTargetID = 8928F0332087590F0020DAAF;
					};
				};
			};
			buildConfigurationList = 8928F02F2087590F0020DAAF /* Build configuration list for PBXProject "Ch03" */;
			compatibilityVersion = "Xcode 9.3";
			developmentRegion = en;
			hasScannedForEncodings = 0;
			knownRegions = (
				en,
				Base,
			);
			mainGroup = 8928F02B2087590F0020DAAF;
			productRefGroup = 8928F0352087590F0020DAAF /* Products */;
			projectDirPath = "";
			projectRoot = "";
			targets = (
				8928F0332087590F0020DAAF /* Ch03 */,
				8928F047208759160020DAAF /* Ch03Tests */,
				8928F052208759160020DAAF /* Ch03UITests */,
			);
		};
/* End PBXProject section */

/* Begin PBXResourcesBuildPhase section */
		8928F0322087590F0020DAAF /* Resources */ = {
			isa = PBXResourcesBuildPhase;
			buildActionMask = 2147483647;
			files = (
				8928F067208759A70020DAAF /* lamp_on.png in Resources */,
				8928F042208759160020DAAF /* LaunchScreen.storyboard in Resources */,
				8928F068208759A70020DAAF /* lamp_off.png in Resources */,
				8928F03F208759160020DAAF /* Assets.xcassets in Resources */,
				8928F03D2087590F0020DAAF /* Main.storyboard in Resources */,
			);
			runOnlyForDeploymentPostprocessing = 0;
		};
		8928F046208759160020DAAF /* Resources */ = {
			isa = PBXResourcesBuildPhase;
			buildActionMask = 2147483647;
			files = (
			);
			runOnlyForDeploymentPostprocessing = 0;
		};
		8928F051208759160020DAAF /* Resources */ = {
			isa = PBXResourcesBuildPhase;
			buildActionMask = 2147483647;
			files = (
			);
			runOnlyForDeploymentPostprocessing = 0;
		};
/* End PBXResourcesBuildPhase section */

/* Begin PBXSourcesBuildPhase section */
		8928F0302087590F0020DAAF /* Sources */ = {
			isa = PBXSourcesBuildPhase;
			buildActionMask = 2147483647;
			files = (
				8928F03A2087590F0020DAAF /* ViewController.swift in Sources */,
				8928F0382087590F0020DAAF /* AppDelegate.swift in Sources */,
			);
			runOnlyForDeploymentPostprocessing = 0;
		};
		8928F044208759160020DAAF /* Sources */ = {
			isa = PBXSourcesBuildPhase;
			buildActionMask = 2147483647;
			files = (
				8928F04D208759160020DAAF /* Ch03Tests.swift in Sources */,
			);
			runOnlyForDeploymentPostprocessing = 0;
		};
		8928F04F208759160020DAAF /* Sources */ = {
			isa = PBXSourcesBuildPhase;
			buildActionMask = 2147483647;
			files = (
				8928F058208759160020DAAF /* Ch03UITests.swift in Sources */,
			);
			runOnlyForDeploymentPostprocessing = 0;
		};
/* End PBXSourcesBuildPhase section */

/* Begin PBXTargetDependency section */
		8928F04A208759160020DAAF /* PBXTargetDependency */ = {
			isa = PBXTargetDependency;
			target = 8928F0332087590F0020DAAF /* Ch03 */;
			targetProxy = 8928F049208759160020DAAF /* PBXContainerItemProxy */;
		};
		8928F055208759160020DAAF /* PBXTargetDependency */ = {
			isa = PBXTargetDependency;
			target = 8928F0332087590F0020DAAF /* Ch03 */;
			targetProxy = 8928F054208759160020DAAF /* PBXContainerItemProxy */;
		};
/* End PBXTargetDependency section */

/* Begin PBXVariantGroup section */
		8928F03B2087590F0020DAAF /* Main.storyboard */ = {
			isa = PBXVariantGroup;
			children = (
				8928F03C2087590F0020DAAF /* Base */,
			);
			name = Main.storyboard;
			sourceTree = "<group>";
		};
		8928F040208759160020DAAF /* LaunchScreen.storyboard */ = {
			isa = PBXVariantGroup;
			children = (
				8928F041208759160020DAAF /* Base */,
			);
			name = LaunchScreen.storyboard;
			sourceTree = "<group>";
		};
/* End PBXVariantGroup section */

/* Begin XCBuildConfiguration section */
		8928F05A208759160020DAAF /* Debug */ = {
			isa = XCBuildConfiguration;
			buildSettings = {
				ALWAYS_SEARCH_USER_PATHS = NO;
				CLANG_ANALYZER_NONNULL = YES;
				CLANG_ANALYZER_NUMBER_OBJECT_CONVERSION = YES_AGGRESSIVE;
				CLANG_CXX_LANGUAGE_STANDARD = "gnu++14";
				CLANG_CXX_LIBRARY = "libc++";
				CLANG_ENABLE_MODULES = YES;
				CLANG_ENABLE_OBJC_ARC = YES;
				CLANG_ENABLE_OBJC_WEAK = YES;
				CLANG_WARN_BLOCK_CAPTURE_AUTORELEASING = YES;
				CLANG_WARN_BOOL_CONVERSION = YES;
				CLANG_WARN_COMMA = YES;
				CLANG_WARN_CONSTANT_CONVERSION = YES;
				CLANG_WARN_DEPRECATED_OBJC_IMPLEMENTATIONS = YES;
				CLANG_WARN_DIRECT_OBJC_ISA_USAGE = YES_ERROR;
				CLANG_WARN_DOCUMENTATION_COMMENTS = YES;
				CLANG_WARN_EMPTY_BODY = YES;
				CLANG_WARN_ENUM_CONVERSION = YES;
				CLANG_WARN_INFINITE_RECURSION = YES;
				CLANG_WARN_INT_CONVERSION = YES;
				CLANG_WARN_NON_LITERAL_NULL_CONVERSION = YES;
				CLANG_WARN_OBJC_IMPLICIT_RETAIN_SELF = YES;
				CLANG_WARN_OBJC_LITERAL_CONVERSION = YES;
				CLANG_WARN_OBJC_ROOT_CLASS = YES_ERROR;
				CLANG_WARN_RANGE_LOOP_ANALYSIS = YES;
				CLANG_WARN_STRICT_PROTOTYPES = YES;
				CLANG_WARN_SUSPICIOUS_MOVE = YES;
				CLANG_WARN_UNGUARDED_AVAILABILITY = YES_AGGRESSIVE;
				CLANG_WARN_UNREACHABLE_CODE = YES;
				CLANG_WARN__DUPLICATE_METHOD_MATCH = YES;
				CODE_SIGN_IDENTITY = "iPhone Developer";
				COPY_PHASE_STRIP = NO;
				DEBUG_INFORMATION_FORMAT = dwarf;
				ENABLE_STRICT_OBJC_MSGSEND = YES;
				ENABLE_TESTABILITY = YES;
				GCC_C_LANGUAGE_STANDARD = gnu11;
				GCC_DYNAMIC_NO_PIC = NO;
				GCC_NO_COMMON_BLOCKS = YES;
				GCC_OPTIMIZATION_LEVEL = 0;
				GCC_PREPROCESSOR_DEFINITIONS = (
					"DEBUG=1",
					"$(inherited)",
				);
				GCC_WARN_64_TO_32_BIT_CONVERSION = YES;
				GCC_WARN_ABOUT_RETURN_TYPE = YES_ERROR;
				GCC_WARN_UNDECLARED_SELECTOR = YES;
				GCC_WARN_UNINITIALIZED_AUTOS = YES_AGGRESSIVE;
				GCC_WARN_UNUSED_FUNCTION = YES;
				GCC_WARN_UNUSED_VARIABLE = YES;
				IPHONEOS_DEPLOYMENT_TARGET = 11.3;
				MTL_ENABLE_DEBUG_INFO = YES;
				ONLY_ACTIVE_ARCH = YES;
				SDKROOT = iphoneos;
				SWIFT_ACTIVE_COMPILATION_CONDITIONS = DEBUG;
				SWIFT_OPTIMIZATION_LEVEL = "-Onone";
			};
			name = Debug;
		};
		8928F05B208759160020DAAF /* Release */ = {
			isa = XCBuildConfiguration;
			buildSettings = {
				ALWAYS_SEARCH_USER_PATHS = NO;
				CLANG_ANALYZER_NONNULL = YES;
				CLANG_ANALYZER_NUMBER_OBJECT_CONVERSION = YES_AGGRESSIVE;
				CLANG_CXX_LANGUAGE_STANDARD = "gnu++14";
				CLANG_CXX_LIBRARY = "libc++";
				CLANG_ENABLE_MODULES = YES;
				CLANG_ENABLE_OBJC_ARC = YES;
				CLANG_ENABLE_OBJC_WEAK = YES;
				CLANG_WARN_BLOCK_CAPTURE_AUTORELEASING = YES;
				CLANG_WARN_BOOL_CONVERSION = YES;
				CLANG_WARN_COMMA = YES;
				CLANG_WARN_CONSTANT_CONVERSION = YES;
				CLANG_WARN_DEPRECATED_OBJC_IMPLEMENTATIONS = YES;
				CLANG_WARN_DIRECT_OBJC_ISA_USAGE = YES_ERROR;
				CLANG_WARN_DOCUMENTATION_COMMENTS = YES;
				CLANG_WARN_EMPTY_BODY = YES;
				CLANG_WARN_ENUM_CONVERSION = YES;
				CLANG_WARN_INFINITE_RECURSION = YES;
				CLANG_WARN_INT_CONVERSION = YES;
				CLANG_WARN_NON_LITERAL_NULL_CONVERSION = YES;
				CLANG_WARN_OBJC_IMPLICIT_RETAIN_SELF = YES;
				CLANG_WARN_OBJC_LITERAL_CONVERSION = YES;
				CLANG_WARN_OBJC_ROOT_CLASS = YES_ERROR;
				CLANG_WARN_RANGE_LOOP_ANALYSIS = YES;
				CLANG_WARN_STRICT_PROTOTYPES = YES;
				CLANG_WARN_SUSPICIOUS_MOVE = YES;
				CLANG_WARN_UNGUARDED_AVAILABILITY = YES_AGGRESSIVE;
				CLANG_WARN_UNREACHABLE_CODE = YES;
				CLANG_WARN__DUPLICATE_METHOD_MATCH = YES;
				CODE_SIGN_IDENTITY = "iPhone Developer";
				COPY_PHASE_STRIP = NO;
				DEBUG_INFORMATION_FORMAT = "dwarf-with-dsym";
				ENABLE_NS_ASSERTIONS = NO;
				ENABLE_STRICT_OBJC_MSGSEND = YES;
				GCC_C_LANGUAGE_STANDARD = gnu11;
				GCC_NO_COMMON_BLOCKS = YES;
				GCC_WARN_64_TO_32_BIT_CONVERSION = YES;
				GCC_WARN_ABOUT_RETURN_TYPE = YES_ERROR;
				GCC_WARN_UNDECLARED_SELECTOR = YES;
				GCC_WARN_UNINITIALIZED_AUTOS = YES_AGGRESSIVE;
				GCC_WARN_UNUSED_FUNCTION = YES;
				GCC_WARN_UNUSED_VARIABLE = YES;
				IPHONEOS_DEPLOYMENT_TARGET = 11.3;
				MTL_ENABLE_DEBUG_INFO = NO;
				SDKROOT = iphoneos;
				SWIFT_COMPILATION_MODE = wholemodule;
				SWIFT_OPTIMIZATION_LEVEL = "-O";
				VALIDATE_PRODUCT = YES;
			};
			name = Release;
		};
		8928F05D208759160020DAAF /* Debug */ = {
			isa = XCBuildConfiguration;
			buildSettings = {
				ASSETCATALOG_COMPILER_APPICON_NAME = AppIcon;
				CODE_SIGN_STYLE = Automatic;
				INFOPLIST_FILE = Ch03/Info.plist;
				LD_RUNPATH_SEARCH_PATHS = (
					"$(inherited)",
					"@executable_path/Frameworks",
				);
				PRODUCT_BUNDLE_IDENTIFIER = ipp3.Ch03;
				PRODUCT_NAME = "$(TARGET_NAME)";
				SWIFT_VERSION = 4.0;
				TARGETED_DEVICE_FAMILY = "1,2";
			};
			name = Debug;
		};
		8928F05E208759160020DAAF /* Release */ = {
			isa = XCBuildConfiguration;
			buildSettings = {
				ASSETCATALOG_COMPILER_APPICON_NAME = AppIcon;
				CODE_SIGN_STYLE = Automatic;
				INFOPLIST_FILE = Ch03/Info.plist;
				LD_RUNPATH_SEARCH_PATHS = (
					"$(inherited)",
					"@executable_path/Frameworks",
				);
				PRODUCT_BUNDLE_IDENTIFIER = ipp3.Ch03;
				PRODUCT_NAME = "$(TARGET_NAME)";
				SWIFT_VERSION = 4.0;
				TARGETED_DEVICE_FAMILY = "1,2";
			};
			name = Release;
		};
		8928F060208759160020DAAF /* Debug */ = {
			isa = XCBuildConfiguration;
			buildSettings = {
				ALWAYS_EMBED_SWIFT_STANDARD_LIBRARIES = YES;
				BUNDLE_LOADER = "$(TEST_HOST)";
				CODE_SIGN_STYLE = Automatic;
				INFOPLIST_FILE = Ch03Tests/Info.plist;
				LD_RUNPATH_SEARCH_PATHS = (
					"$(inherited)",
					"@executable_path/Frameworks",
					"@loader_path/Frameworks",
				);
				PRODUCT_BUNDLE_IDENTIFIER = ipp3.Ch03Tests;
				PRODUCT_NAME = "$(TARGET_NAME)";
				SWIFT_VERSION = 4.0;
				TARGETED_DEVICE_FAMILY = "1,2";
				TEST_HOST = "$(BUILT_PRODUCTS_DIR)/Ch03.app/Ch03";
			};
			name = Debug;
		};
		8928F061208759160020DAAF /* Release */ = {
			isa = XCBuildConfiguration;
			buildSettings = {
				ALWAYS_EMBED_SWIFT_STANDARD_LIBRARIES = YES;
				BUNDLE_LOADER = "$(TEST_HOST)";
				CODE_SIGN_STYLE = Automatic;
				INFOPLIST_FILE = Ch03Tests/Info.plist;
				LD_RUNPATH_SEARCH_PATHS = (
					"$(inherited)",
					"@executable_path/Frameworks",
					"@loader_path/Frameworks",
				);
				PRODUCT_BUNDLE_IDENTIFIER = ipp3.Ch03Tests;
				PRODUCT_NAME = "$(TARGET_NAME)";
				SWIFT_VERSION = 4.0;
				TARGETED_DEVICE_FAMILY = "1,2";
				TEST_HOST = "$(BUILT_PRODUCTS_DIR)/Ch03.app/Ch03";
			};
			name = Release;
		};
		8928F063208759160020DAAF /* Debug */ = {
			isa = XCBuildConfiguration;
			buildSettings = {
				ALWAYS_EMBED_SWIFT_STANDARD_LIBRARIES = YES;
				CODE_SIGN_STYLE = Automatic;
				INFOPLIST_FILE = Ch03UITests/Info.plist;
				LD_RUNPATH_SEARCH_PATHS = (
					"$(inherited)",
					"@executable_path/Frameworks",
					"@loader_path/Frameworks",
				);
				PRODUCT_BUNDLE_IDENTIFIER = ipp3.Ch03UITests;
				PRODUCT_NAME = "$(TARGET_NAME)";
				SWIFT_VERSION = 4.0;
				TARGETED_DEVICE_FAMILY = "1,2";
				TEST_TARGET_NAME = Ch03;
			};
			name = Debug;
		};
		8928F064208759160020DAAF /* Release */ = {
			isa = XCBuildConfiguration;
			buildSettings = {
				ALWAYS_EMBED_SWIFT_STANDARD_LIBRARIES = YES;
				CODE_SIGN_STYLE = Automatic;
				INFOPLIST_FILE = Ch03UITests/Info.plist;
				LD_RUNPATH_SEARCH_PATHS = (
					"$(inherited)",
					"@executable_path/Frameworks",
					"@loader_path/Frameworks",
				);
				PRODUCT_BUNDLE_IDENTIFIER = ipp3.Ch03UITests;
				PRODUCT_NAME = "$(TARGET_NAME)";
				SWIFT_VERSION = 4.0;
				TARGETED_DEVICE_FAMILY = "1,2";
				TEST_TARGET_NAME = Ch03;
			};
			name = Release;
		};
/* End XCBuildConfiguration section */

/* Begin XCConfigurationList section */
		8928F02F2087590F0020DAAF /* Build configuration list for PBXProject "Ch03" */ = {
			isa = XCConfigurationList;
			buildConfigurations = (
				8928F05A208759160020DAAF /* Debug */,
				8928F05B208759160020DAAF /* Release */,
			);
			defaultConfigurationIsVisible = 0;
			defaultConfigurationName = Release;
		};
		8928F05C208759160020DAAF /* Build configuration list for PBXNativeTarget "Ch03" */ = {
			isa = XCConfigurationList;
			buildConfigurations = (
				8928F05D208759160020DAAF /* Debug */,
				8928F05E208759160020DAAF /* Release */,
			);
			defaultConfigurationIsVisible = 0;
			defaultConfigurationName = Release;
		};
		8928F05F208759160020DAAF /* Build configuration list for PBXNativeTarget "Ch03Tests" */ = {
			isa = XCConfigurationList;
			buildConfigurations = (
				8928F060208759160020DAAF /* Debug */,
				8928F061208759160020DAAF /* Release */,
			);
			defaultConfigurationIsVisible = 0;
			defaultConfigurationName = Release;
		};
		8928F062208759160020DAAF /* Build configuration list for PBXNativeTarget "Ch03UITests" */ = {
			isa = XCConfigurationList;
			buildConfigurations = (
				8928F063208759160020DAAF /* Debug */,
				8928F064208759160020DAAF /* Release */,
			);
			defaultConfigurationIsVisible = 0;
			defaultConfigurationName = Release;
		};
/* End XCConfigurationList section */
	};
	rootObject = 8928F02C2087590F0020DAAF /* Project object */;
}
